// !$*UTF8*$!
{
	archiveVersion = 1;
	classes = {
	};
	objectVersion = 45;
	objects = {

/* Begin PBXBuildFile section */
		1D3623260D0F684500981E51 /* HumboldtAppDelegate.m in Sources */ = {isa = PBXBuildFile; fileRef = 1D3623250D0F684500981E51 /* HumboldtAppDelegate.m */; };
		1D60589B0D05DD56006BFB54 /* main.m in Sources */ = {isa = PBXBuildFile; fileRef = 29B97316FDCFA39411CA2CEA /* main.m */; };
		1D60589F0D05DD5A006BFB54 /* Foundation.framework in Frameworks */ = {isa = PBXBuildFile; fileRef = 1D30AB110D05D00D00671497 /* Foundation.framework */; };
		1DF5F4E00D08C38300B7A737 /* UIKit.framework in Frameworks */ = {isa = PBXBuildFile; fileRef = 1DF5F4DF0D08C38300B7A737 /* UIKit.framework */; };
		288765FD0DF74451002DB57D /* CoreGraphics.framework in Frameworks */ = {isa = PBXBuildFile; fileRef = 288765FC0DF74451002DB57D /* CoreGraphics.framework */; };
		28AD733F0D9D9553002E5188 /* MainWindow.xib in Resources */ = {isa = PBXBuildFile; fileRef = 28AD733E0D9D9553002E5188 /* MainWindow.xib */; };
		CE2B3AD50F3CCF5A0039B355 /* CFNetwork.framework in Frameworks */ = {isa = PBXBuildFile; fileRef = CE2B3AD40F3CCF5A0039B355 /* CFNetwork.framework */; };
		CE2B3B0F0F3CD72B0039B355 /* StorageHTTPConnection.m in Sources */ = {isa = PBXBuildFile; fileRef = CE2B3B0E0F3CD72B0039B355 /* StorageHTTPConnection.m */; };
		CE38A38D0FF6AD1200E93C29 /* AsyncSocket.m in Sources */ = {isa = PBXBuildFile; fileRef = CE38A3790FF6AD1200E93C29 /* AsyncSocket.m */; };
		CE38A38E0FF6AD1200E93C29 /* DDData.m in Sources */ = {isa = PBXBuildFile; fileRef = CE38A37B0FF6AD1200E93C29 /* DDData.m */; };
		CE38A38F0FF6AD1200E93C29 /* DDNumber.m in Sources */ = {isa = PBXBuildFile; fileRef = CE38A37D0FF6AD1200E93C29 /* DDNumber.m */; };
		CE38A3900FF6AD1200E93C29 /* DDRange.m in Sources */ = {isa = PBXBuildFile; fileRef = CE38A37F0FF6AD1200E93C29 /* DDRange.m */; };
		CE38A3910FF6AD1200E93C29 /* HTTPAsyncFileResponse.m in Sources */ = {isa = PBXBuildFile; fileRef = CE38A3810FF6AD1200E93C29 /* HTTPAsyncFileResponse.m */; };
		CE38A3920FF6AD1200E93C29 /* HTTPAuthenticationRequest.m in Sources */ = {isa = PBXBuildFile; fileRef = CE38A3830FF6AD1200E93C29 /* HTTPAuthenticationRequest.m */; };
		CE38A3930FF6AD1200E93C29 /* HTTPConnection.m in Sources */ = {isa = PBXBuildFile; fileRef = CE38A3850FF6AD1200E93C29 /* HTTPConnection.m */; };
		CE38A3940FF6AD1200E93C29 /* HTTPResponse.m in Sources */ = {isa = PBXBuildFile; fileRef = CE38A3870FF6AD1200E93C29 /* HTTPResponse.m */; };
		CE38A3950FF6AD1200E93C29 /* HTTPServer.m in Sources */ = {isa = PBXBuildFile; fileRef = CE38A3890FF6AD1200E93C29 /* HTTPServer.m */; };
		CE38A3A50FF6AE0100E93C29 /* CDataScanner.m in Sources */ = {isa = PBXBuildFile; fileRef = CE38A3A40FF6AE0100E93C29 /* CDataScanner.m */; };
		CE38A3AD0FF6AE1100E93C29 /* CJSONDeserializer.m in Sources */ = {isa = PBXBuildFile; fileRef = CE38A3A80FF6AE1100E93C29 /* CJSONDeserializer.m */; };
		CE38A3AE0FF6AE1100E93C29 /* CJSONScanner.m in Sources */ = {isa = PBXBuildFile; fileRef = CE38A3AA0FF6AE1100E93C29 /* CJSONScanner.m */; };
		CE38A3AF0FF6AE1100E93C29 /* CJSONSerializer.m in Sources */ = {isa = PBXBuildFile; fileRef = CE38A3AC0FF6AE1100E93C29 /* CJSONSerializer.m */; };
		CE38A3B90FF6AE3000E93C29 /* CDataScanner_Extensions.m in Sources */ = {isa = PBXBuildFile; fileRef = CE38A3B20FF6AE3000E93C29 /* CDataScanner_Extensions.m */; };
		CE38A3BA0FF6AE3000E93C29 /* NSCharacterSet_Extensions.m in Sources */ = {isa = PBXBuildFile; fileRef = CE38A3B40FF6AE3000E93C29 /* NSCharacterSet_Extensions.m */; };
		CE38A3BB0FF6AE3000E93C29 /* NSDictionary_JSONExtensions.m in Sources */ = {isa = PBXBuildFile; fileRef = CE38A3B60FF6AE3000E93C29 /* NSDictionary_JSONExtensions.m */; };
		CE38A3BC0FF6AE3000E93C29 /* NSScanner_Extensions.m in Sources */ = {isa = PBXBuildFile; fileRef = CE38A3B80FF6AE3000E93C29 /* NSScanner_Extensions.m */; };
		CE3D50D51019065700DF3783 /* DocumentViewController.m in Sources */ = {isa = PBXBuildFile; fileRef = CE3D50D31019065700DF3783 /* DocumentViewController.m */; };
		CE3D50D61019065700DF3783 /* DocumentViewController.xib in Resources */ = {isa = PBXBuildFile; fileRef = CE3D50D41019065700DF3783 /* DocumentViewController.xib */; };
		CE6C9EED0FF6AFC5009CCC45 /* DirectoryTableViewController.m in Sources */ = {isa = PBXBuildFile; fileRef = CE6C9EEC0FF6AFC5009CCC45 /* DirectoryTableViewController.m */; };
		CE8627E910013D400063F8F6 /* wwwroot in Resources */ = {isa = PBXBuildFile; fileRef = CE8627E510013D400063F8F6 /* wwwroot */; };
		CE94311110092418006EE65D /* sound.png in Resources */ = {isa = PBXBuildFile; fileRef = CE94311010092418006EE65D /* sound.png */; };
		CEC144E1101D03FB000DA2AE /* MediaViewController.m in Sources */ = {isa = PBXBuildFile; fileRef = CEC144E0101D03FB000DA2AE /* MediaViewController.m */; };
		CEC14570101D0DCB000DA2AE /* MediaPlayer.framework in Frameworks */ = {isa = PBXBuildFile; fileRef = CEC1456F101D0DCB000DA2AE /* MediaPlayer.framework */; };
		CEC586130FC98AE500326D27 /* DetailViewController.m in Sources */ = {isa = PBXBuildFile; fileRef = CEC586110FC98AE500326D27 /* DetailViewController.m */; };
		CEE04E9F0FD9E82E00C32900 /* AFMultipartParser.m in Sources */ = {isa = PBXBuildFile; fileRef = CEE04E9E0FD9E82E00C32900 /* AFMultipartParser.m */; };
		CEE291C40FEECC6A00D5E0A4 /* video.png in Resources */ = {isa = PBXBuildFile; fileRef = CEE291BF0FEECC6A00D5E0A4 /* video.png */; };
		CEE291C50FEECC6A00D5E0A4 /* directory.png in Resources */ = {isa = PBXBuildFile; fileRef = CEE291C00FEECC6A00D5E0A4 /* directory.png */; };
		CEE291C60FEECC6A00D5E0A4 /* unknown.png in Resources */ = {isa = PBXBuildFile; fileRef = CEE291C10FEECC6A00D5E0A4 /* unknown.png */; };
		CEE291C70FEECC6A00D5E0A4 /* image.png in Resources */ = {isa = PBXBuildFile; fileRef = CEE291C20FEECC6A00D5E0A4 /* image.png */; };
		CEE291C80FEECC6A00D5E0A4 /* document.png in Resources */ = {isa = PBXBuildFile; fileRef = CEE291C30FEECC6A00D5E0A4 /* document.png */; };
		CEECEDB01019DA1100B3918A /* AFWebView.m in Sources */ = {isa = PBXBuildFile; fileRef = CEECEDAF1019DA1100B3918A /* AFWebView.m */; };
		CEF21BB40FF432810042E698 /* DirectoryItem.m in Sources */ = {isa = PBXBuildFile; fileRef = CEF21BB30FF432810042E698 /* DirectoryItem.m */; };
/* End PBXBuildFile section */

/* Begin PBXFileReference section */
		1D30AB110D05D00D00671497 /* Foundation.framework */ = {isa = PBXFileReference; lastKnownFileType = wrapper.framework; name = Foundation.framework; path = System/Library/Frameworks/Foundation.framework; sourceTree = SDKROOT; };
		1D3623240D0F684500981E51 /* HumboldtAppDelegate.h */ = {isa = PBXFileReference; fileEncoding = 4; lastKnownFileType = sourcecode.c.h; path = HumboldtAppDelegate.h; sourceTree = "<group>"; };
		1D3623250D0F684500981E51 /* HumboldtAppDelegate.m */ = {isa = PBXFileReference; fileEncoding = 4; lastKnownFileType = sourcecode.c.objc; path = HumboldtAppDelegate.m; sourceTree = "<group>"; };
		1D6058910D05DD3D006BFB54 /* Humboldt.app */ = {isa = PBXFileReference; explicitFileType = wrapper.application; includeInIndex = 0; path = Humboldt.app; sourceTree = BUILT_PRODUCTS_DIR; };
		1DF5F4DF0D08C38300B7A737 /* UIKit.framework */ = {isa = PBXFileReference; lastKnownFileType = wrapper.framework; name = UIKit.framework; path = System/Library/Frameworks/UIKit.framework; sourceTree = SDKROOT; };
		288765FC0DF74451002DB57D /* CoreGraphics.framework */ = {isa = PBXFileReference; lastKnownFileType = wrapper.framework; name = CoreGraphics.framework; path = System/Library/Frameworks/CoreGraphics.framework; sourceTree = SDKROOT; };
		28AD733E0D9D9553002E5188 /* MainWindow.xib */ = {isa = PBXFileReference; lastKnownFileType = file.xib; path = MainWindow.xib; sourceTree = "<group>"; };
		29B97316FDCFA39411CA2CEA /* main.m */ = {isa = PBXFileReference; fileEncoding = 4; lastKnownFileType = sourcecode.c.objc; path = main.m; sourceTree = "<group>"; };
		32CA4F630368D1EE00C91783 /* Humboldt_Prefix.pch */ = {isa = PBXFileReference; fileEncoding = 4; lastKnownFileType = sourcecode.c.h; path = Humboldt_Prefix.pch; sourceTree = "<group>"; };
		8D1107310486CEB800E47090 /* Info.plist */ = {isa = PBXFileReference; fileEncoding = 4; lastKnownFileType = text.plist.xml; path = Info.plist; sourceTree = "<group>"; };
		CE2B3AD40F3CCF5A0039B355 /* CFNetwork.framework */ = {isa = PBXFileReference; lastKnownFileType = wrapper.framework; name = CFNetwork.framework; path = System/Library/Frameworks/CFNetwork.framework; sourceTree = SDKROOT; };
		CE2B3B0D0F3CD72B0039B355 /* StorageHTTPConnection.h */ = {isa = PBXFileReference; fileEncoding = 4; lastKnownFileType = sourcecode.c.h; path = StorageHTTPConnection.h; sourceTree = "<group>"; };
		CE2B3B0E0F3CD72B0039B355 /* StorageHTTPConnection.m */ = {isa = PBXFileReference; fileEncoding = 4; lastKnownFileType = sourcecode.c.objc; path = StorageHTTPConnection.m; sourceTree = "<group>"; };
		CE38A3780FF6AD1200E93C29 /* AsyncSocket.h */ = {isa = PBXFileReference; fileEncoding = 4; lastKnownFileType = sourcecode.c.h; path = AsyncSocket.h; sourceTree = "<group>"; };
		CE38A3790FF6AD1200E93C29 /* AsyncSocket.m */ = {isa = PBXFileReference; fileEncoding = 4; lastKnownFileType = sourcecode.c.objc; path = AsyncSocket.m; sourceTree = "<group>"; };
		CE38A37A0FF6AD1200E93C29 /* DDData.h */ = {isa = PBXFileReference; fileEncoding = 4; lastKnownFileType = sourcecode.c.h; path = DDData.h; sourceTree = "<group>"; };
		CE38A37B0FF6AD1200E93C29 /* DDData.m */ = {isa = PBXFileReference; fileEncoding = 4; lastKnownFileType = sourcecode.c.objc; path = DDData.m; sourceTree = "<group>"; };
		CE38A37C0FF6AD1200E93C29 /* DDNumber.h */ = {isa = PBXFileReference; fileEncoding = 4; lastKnownFileType = sourcecode.c.h; path = DDNumber.h; sourceTree = "<group>"; };
		CE38A37D0FF6AD1200E93C29 /* DDNumber.m */ = {isa = PBXFileReference; fileEncoding = 4; lastKnownFileType = sourcecode.c.objc; path = DDNumber.m; sourceTree = "<group>"; };
		CE38A37E0FF6AD1200E93C29 /* DDRange.h */ = {isa = PBXFileReference; fileEncoding = 4; lastKnownFileType = sourcecode.c.h; path = DDRange.h; sourceTree = "<group>"; };
		CE38A37F0FF6AD1200E93C29 /* DDRange.m */ = {isa = PBXFileReference; fileEncoding = 4; lastKnownFileType = sourcecode.c.objc; path = DDRange.m; sourceTree = "<group>"; };
		CE38A3800FF6AD1200E93C29 /* HTTPAsyncFileResponse.h */ = {isa = PBXFileReference; fileEncoding = 4; lastKnownFileType = sourcecode.c.h; path = HTTPAsyncFileResponse.h; sourceTree = "<group>"; };
		CE38A3810FF6AD1200E93C29 /* HTTPAsyncFileResponse.m */ = {isa = PBXFileReference; fileEncoding = 4; lastKnownFileType = sourcecode.c.objc; path = HTTPAsyncFileResponse.m; sourceTree = "<group>"; };
		CE38A3820FF6AD1200E93C29 /* HTTPAuthenticationRequest.h */ = {isa = PBXFileReference; fileEncoding = 4; lastKnownFileType = sourcecode.c.h; path = HTTPAuthenticationRequest.h; sourceTree = "<group>"; };
		CE38A3830FF6AD1200E93C29 /* HTTPAuthenticationRequest.m */ = {isa = PBXFileReference; fileEncoding = 4; lastKnownFileType = sourcecode.c.objc; path = HTTPAuthenticationRequest.m; sourceTree = "<group>"; };
		CE38A3840FF6AD1200E93C29 /* HTTPConnection.h */ = {isa = PBXFileReference; fileEncoding = 4; lastKnownFileType = sourcecode.c.h; path = HTTPConnection.h; sourceTree = "<group>"; };
		CE38A3850FF6AD1200E93C29 /* HTTPConnection.m */ = {isa = PBXFileReference; fileEncoding = 4; lastKnownFileType = sourcecode.c.objc; path = HTTPConnection.m; sourceTree = "<group>"; };
		CE38A3860FF6AD1200E93C29 /* HTTPResponse.h */ = {isa = PBXFileReference; fileEncoding = 4; lastKnownFileType = sourcecode.c.h; path = HTTPResponse.h; sourceTree = "<group>"; };
		CE38A3870FF6AD1200E93C29 /* HTTPResponse.m */ = {isa = PBXFileReference; fileEncoding = 4; lastKnownFileType = sourcecode.c.objc; path = HTTPResponse.m; sourceTree = "<group>"; };
		CE38A3880FF6AD1200E93C29 /* HTTPServer.h */ = {isa = PBXFileReference; fileEncoding = 4; lastKnownFileType = sourcecode.c.h; path = HTTPServer.h; sourceTree = "<group>"; };
		CE38A3890FF6AD1200E93C29 /* HTTPServer.m */ = {isa = PBXFileReference; fileEncoding = 4; lastKnownFileType = sourcecode.c.objc; path = HTTPServer.m; sourceTree = "<group>"; };
		CE38A3A30FF6AE0100E93C29 /* CDataScanner.h */ = {isa = PBXFileReference; fileEncoding = 4; lastKnownFileType = sourcecode.c.h; path = CDataScanner.h; sourceTree = "<group>"; };
		CE38A3A40FF6AE0100E93C29 /* CDataScanner.m */ = {isa = PBXFileReference; fileEncoding = 4; lastKnownFileType = sourcecode.c.objc; path = CDataScanner.m; sourceTree = "<group>"; };
		CE38A3A70FF6AE1000E93C29 /* CJSONDeserializer.h */ = {isa = PBXFileReference; fileEncoding = 4; lastKnownFileType = sourcecode.c.h; path = CJSONDeserializer.h; sourceTree = "<group>"; };
		CE38A3A80FF6AE1100E93C29 /* CJSONDeserializer.m */ = {isa = PBXFileReference; fileEncoding = 4; lastKnownFileType = sourcecode.c.objc; path = CJSONDeserializer.m; sourceTree = "<group>"; };
		CE38A3A90FF6AE1100E93C29 /* CJSONScanner.h */ = {isa = PBXFileReference; fileEncoding = 4; lastKnownFileType = sourcecode.c.h; path = CJSONScanner.h; sourceTree = "<group>"; };
		CE38A3AA0FF6AE1100E93C29 /* CJSONScanner.m */ = {isa = PBXFileReference; fileEncoding = 4; lastKnownFileType = sourcecode.c.objc; path = CJSONScanner.m; sourceTree = "<group>"; };
		CE38A3AB0FF6AE1100E93C29 /* CJSONSerializer.h */ = {isa = PBXFileReference; fileEncoding = 4; lastKnownFileType = sourcecode.c.h; path = CJSONSerializer.h; sourceTree = "<group>"; };
		CE38A3AC0FF6AE1100E93C29 /* CJSONSerializer.m */ = {isa = PBXFileReference; fileEncoding = 4; lastKnownFileType = sourcecode.c.objc; path = CJSONSerializer.m; sourceTree = "<group>"; };
		CE38A3B10FF6AE3000E93C29 /* CDataScanner_Extensions.h */ = {isa = PBXFileReference; fileEncoding = 4; lastKnownFileType = sourcecode.c.h; path = CDataScanner_Extensions.h; sourceTree = "<group>"; };
		CE38A3B20FF6AE3000E93C29 /* CDataScanner_Extensions.m */ = {isa = PBXFileReference; fileEncoding = 4; lastKnownFileType = sourcecode.c.objc; path = CDataScanner_Extensions.m; sourceTree = "<group>"; };
		CE38A3B30FF6AE3000E93C29 /* NSCharacterSet_Extensions.h */ = {isa = PBXFileReference; fileEncoding = 4; lastKnownFileType = sourcecode.c.h; path = NSCharacterSet_Extensions.h; sourceTree = "<group>"; };
		CE38A3B40FF6AE3000E93C29 /* NSCharacterSet_Extensions.m */ = {isa = PBXFileReference; fileEncoding = 4; lastKnownFileType = sourcecode.c.objc; path = NSCharacterSet_Extensions.m; sourceTree = "<group>"; };
		CE38A3B50FF6AE3000E93C29 /* NSDictionary_JSONExtensions.h */ = {isa = PBXFileReference; fileEncoding = 4; lastKnownFileType = sourcecode.c.h; path = NSDictionary_JSONExtensions.h; sourceTree = "<group>"; };
		CE38A3B60FF6AE3000E93C29 /* NSDictionary_JSONExtensions.m */ = {isa = PBXFileReference; fileEncoding = 4; lastKnownFileType = sourcecode.c.objc; path = NSDictionary_JSONExtensions.m; sourceTree = "<group>"; };
		CE38A3B70FF6AE3000E93C29 /* NSScanner_Extensions.h */ = {isa = PBXFileReference; fileEncoding = 4; lastKnownFileType = sourcecode.c.h; path = NSScanner_Extensions.h; sourceTree = "<group>"; };
		CE38A3B80FF6AE3000E93C29 /* NSScanner_Extensions.m */ = {isa = PBXFileReference; fileEncoding = 4; lastKnownFileType = sourcecode.c.objc; path = NSScanner_Extensions.m; sourceTree = "<group>"; };
		CE3D50D21019065700DF3783 /* DocumentViewController.h */ = {isa = PBXFileReference; fileEncoding = 4; lastKnownFileType = sourcecode.c.h; path = DocumentViewController.h; sourceTree = "<group>"; };
		CE3D50D31019065700DF3783 /* DocumentViewController.m */ = {isa = PBXFileReference; fileEncoding = 4; lastKnownFileType = sourcecode.c.objc; path = DocumentViewController.m; sourceTree = "<group>"; };
		CE3D50D41019065700DF3783 /* DocumentViewController.xib */ = {isa = PBXFileReference; lastKnownFileType = file.xib; name = DocumentViewController.xib; path = Classes/DocumentViewController.xib; sourceTree = "<group>"; };
		CE6C9EEB0FF6AFC5009CCC45 /* DirectoryTableViewController.h */ = {isa = PBXFileReference; fileEncoding = 4; lastKnownFileType = sourcecode.c.h; path = DirectoryTableViewController.h; sourceTree = "<group>"; };
		CE6C9EEC0FF6AFC5009CCC45 /* DirectoryTableViewController.m */ = {isa = PBXFileReference; fileEncoding = 4; lastKnownFileType = sourcecode.c.objc; path = DirectoryTableViewController.m; sourceTree = "<group>"; };
		CE70DA090FFABC0400D606B3 /* AFMultipartParser.h */ = {isa = PBXFileReference; fileEncoding = 4; lastKnownFileType = sourcecode.c.h; path = AFMultipartParser.h; sourceTree = "<group>"; };
		CE8627E510013D400063F8F6 /* wwwroot */ = {isa = PBXFileReference; lastKnownFileType = folder; path = wwwroot; sourceTree = "<group>"; };
		CE94311010092418006EE65D /* sound.png */ = {isa = PBXFileReference; lastKnownFileType = image.png; path = sound.png; sourceTree = "<group>"; };
		CEC144DF101D03FB000DA2AE /* MediaViewController.h */ = {isa = PBXFileReference; fileEncoding = 4; lastKnownFileType = sourcecode.c.h; path = MediaViewController.h; sourceTree = "<group>"; };
		CEC144E0101D03FB000DA2AE /* MediaViewController.m */ = {isa = PBXFileReference; fileEncoding = 4; lastKnownFileType = sourcecode.c.objc; path = MediaViewController.m; sourceTree = "<group>"; };
		CEC1456F101D0DCB000DA2AE /* MediaPlayer.framework */ = {isa = PBXFileReference; lastKnownFileType = wrapper.framework; name = MediaPlayer.framework; path = System/Library/Frameworks/MediaPlayer.framework; sourceTree = SDKROOT; };
		CEC586100FC98AE500326D27 /* DetailViewController.h */ = {isa = PBXFileReference; fileEncoding = 4; lastKnownFileType = sourcecode.c.h; path = DetailViewController.h; sourceTree = "<group>"; };
		CEC586110FC98AE500326D27 /* DetailViewController.m */ = {isa = PBXFileReference; fileEncoding = 4; lastKnownFileType = sourcecode.c.objc; path = DetailViewController.m; sourceTree = "<group>"; };
		CEE04E9E0FD9E82E00C32900 /* AFMultipartParser.m */ = {isa = PBXFileReference; fileEncoding = 4; lastKnownFileType = sourcecode.c.objc; path = AFMultipartParser.m; sourceTree = "<group>"; };
		CEE291BF0FEECC6A00D5E0A4 /* video.png */ = {isa = PBXFileReference; lastKnownFileType = image.png; path = video.png; sourceTree = "<group>"; };
		CEE291C00FEECC6A00D5E0A4 /* directory.png */ = {isa = PBXFileReference; lastKnownFileType = image.png; path = directory.png; sourceTree = "<group>"; };
		CEE291C10FEECC6A00D5E0A4 /* unknown.png */ = {isa = PBXFileReference; lastKnownFileType = image.png; path = unknown.png; sourceTree = "<group>"; };
		CEE291C20FEECC6A00D5E0A4 /* image.png */ = {isa = PBXFileReference; lastKnownFileType = image.png; path = image.png; sourceTree = "<group>"; };
		CEE291C30FEECC6A00D5E0A4 /* document.png */ = {isa = PBXFileReference; lastKnownFileType = image.png; path = document.png; sourceTree = "<group>"; };
		CEECEDAE1019DA1100B3918A /* AFWebView.h */ = {isa = PBXFileReference; fileEncoding = 4; lastKnownFileType = sourcecode.c.h; path = AFWebView.h; sourceTree = "<group>"; };
		CEECEDAF1019DA1100B3918A /* AFWebView.m */ = {isa = PBXFileReference; fileEncoding = 4; lastKnownFileType = sourcecode.c.objc; path = AFWebView.m; sourceTree = "<group>"; };
		CEF21BB20FF432810042E698 /* DirectoryItem.h */ = {isa = PBXFileReference; fileEncoding = 4; lastKnownFileType = sourcecode.c.h; path = DirectoryItem.h; sourceTree = "<group>"; };
		CEF21BB30FF432810042E698 /* DirectoryItem.m */ = {isa = PBXFileReference; fileEncoding = 4; lastKnownFileType = sourcecode.c.objc; path = DirectoryItem.m; sourceTree = "<group>"; };
/* End PBXFileReference section */

/* Begin PBXFrameworksBuildPhase section */
		1D60588F0D05DD3D006BFB54 /* Frameworks */ = {
			isa = PBXFrameworksBuildPhase;
			buildActionMask = 2147483647;
			files = (
				1D60589F0D05DD5A006BFB54 /* Foundation.framework in Frameworks */,
				1DF5F4E00D08C38300B7A737 /* UIKit.framework in Frameworks */,
				288765FD0DF74451002DB57D /* CoreGraphics.framework in Frameworks */,
				CE2B3AD50F3CCF5A0039B355 /* CFNetwork.framework in Frameworks */,
				CEC14570101D0DCB000DA2AE /* MediaPlayer.framework in Frameworks */,
			);
			runOnlyForDeploymentPostprocessing = 0;
		};
/* End PBXFrameworksBuildPhase section */

/* Begin PBXGroup section */
		080E96DDFE201D6D7F000001 /* Classes */ = {
			isa = PBXGroup;
			children = (
				CEC144E4101D092E000DA2AE /* DetailView */,
				1D3623240D0F684500981E51 /* HumboldtAppDelegate.h */,
				1D3623250D0F684500981E51 /* HumboldtAppDelegate.m */,
				CE6C9EEB0FF6AFC5009CCC45 /* DirectoryTableViewController.h */,
				CE6C9EEC0FF6AFC5009CCC45 /* DirectoryTableViewController.m */,
				CE2B3B0D0F3CD72B0039B355 /* StorageHTTPConnection.h */,
				CE2B3B0E0F3CD72B0039B355 /* StorageHTTPConnection.m */,
				CE70DA090FFABC0400D606B3 /* AFMultipartParser.h */,
				CEE04E9E0FD9E82E00C32900 /* AFMultipartParser.m */,
				CEF21BB20FF432810042E698 /* DirectoryItem.h */,
				CEF21BB30FF432810042E698 /* DirectoryItem.m */,
			);
			path = Classes;
			sourceTree = "<group>";
		};
		19C28FACFE9D520D11CA2CBB /* Products */ = {
			isa = PBXGroup;
			children = (
				1D6058910D05DD3D006BFB54 /* Humboldt.app */,
			);
			name = Products;
			sourceTree = "<group>";
		};
		29B97314FDCFA39411CA2CEA /* CustomTemplate */ = {
			isa = PBXGroup;
			children = (
				CE38A3740FF6ACEE00E93C29 /* Source */,
				080E96DDFE201D6D7F000001 /* Classes */,
				29B97315FDCFA39411CA2CEA /* Other Sources */,
				29B97317FDCFA39411CA2CEA /* Resources */,
				29B97323FDCFA39411CA2CEA /* Frameworks */,
				19C28FACFE9D520D11CA2CBB /* Products */,
			);
			name = CustomTemplate;
			sourceTree = "<group>";
		};
		29B97315FDCFA39411CA2CEA /* Other Sources */ = {
			isa = PBXGroup;
			children = (
				32CA4F630368D1EE00C91783 /* Humboldt_Prefix.pch */,
				29B97316FDCFA39411CA2CEA /* main.m */,
			);
			name = "Other Sources";
			sourceTree = "<group>";
		};
		29B97317FDCFA39411CA2CEA /* Resources */ = {
			isa = PBXGroup;
			children = (
				CE8627E510013D400063F8F6 /* wwwroot */,
				CE26A2150FEE79DC00345AE8 /* icons */,
				28AD733E0D9D9553002E5188 /* MainWindow.xib */,
				CE3D50D41019065700DF3783 /* DocumentViewController.xib */,
				8D1107310486CEB800E47090 /* Info.plist */,
			);
			name = Resources;
			sourceTree = "<group>";
		};
		29B97323FDCFA39411CA2CEA /* Frameworks */ = {
			isa = PBXGroup;
			children = (
				CEC1456F101D0DCB000DA2AE /* MediaPlayer.framework */,
				CE2B3AD40F3CCF5A0039B355 /* CFNetwork.framework */,
				1DF5F4DF0D08C38300B7A737 /* UIKit.framework */,
				1D30AB110D05D00D00671497 /* Foundation.framework */,
				288765FC0DF74451002DB57D /* CoreGraphics.framework */,
			);
			name = Frameworks;
			sourceTree = "<group>";
		};
		CE26A2150FEE79DC00345AE8 /* icons */ = {
			isa = PBXGroup;
			children = (
				CE94311010092418006EE65D /* sound.png */,
				CEE291BF0FEECC6A00D5E0A4 /* video.png */,
				CEE291C00FEECC6A00D5E0A4 /* directory.png */,
				CEE291C10FEECC6A00D5E0A4 /* unknown.png */,
				CEE291C20FEECC6A00D5E0A4 /* image.png */,
				CEE291C30FEECC6A00D5E0A4 /* document.png */,
			);
			name = icons;
			sourceTree = "<group>";
		};
		CE38A3740FF6ACEE00E93C29 /* Source */ = {
			isa = PBXGroup;
			children = (
				CE38A3A20FF6ADEF00E93C29 /* TouchJSON */,
				CE38A3750FF6ACF400E93C29 /* CocoaHTTPServer */,
			);
			name = Source;
			sourceTree = "<group>";
		};
		CE38A3750FF6ACF400E93C29 /* CocoaHTTPServer */ = {
			isa = PBXGroup;
			children = (
				CE38A3780FF6AD1200E93C29 /* AsyncSocket.h */,
				CE38A3790FF6AD1200E93C29 /* AsyncSocket.m */,
				CE38A37A0FF6AD1200E93C29 /* DDData.h */,
				CE38A37B0FF6AD1200E93C29 /* DDData.m */,
				CE38A37C0FF6AD1200E93C29 /* DDNumber.h */,
				CE38A37D0FF6AD1200E93C29 /* DDNumber.m */,
				CE38A37E0FF6AD1200E93C29 /* DDRange.h */,
				CE38A37F0FF6AD1200E93C29 /* DDRange.m */,
				CE38A3800FF6AD1200E93C29 /* HTTPAsyncFileResponse.h */,
				CE38A3810FF6AD1200E93C29 /* HTTPAsyncFileResponse.m */,
				CE38A3820FF6AD1200E93C29 /* HTTPAuthenticationRequest.h */,
				CE38A3830FF6AD1200E93C29 /* HTTPAuthenticationRequest.m */,
				CE38A3840FF6AD1200E93C29 /* HTTPConnection.h */,
				CE38A3850FF6AD1200E93C29 /* HTTPConnection.m */,
				CE38A3860FF6AD1200E93C29 /* HTTPResponse.h */,
				CE38A3870FF6AD1200E93C29 /* HTTPResponse.m */,
				CE38A3880FF6AD1200E93C29 /* HTTPServer.h */,
				CE38A3890FF6AD1200E93C29 /* HTTPServer.m */,
			);
			name = CocoaHTTPServer;
			sourceTree = "<group>";
		};
		CE38A3A20FF6ADEF00E93C29 /* TouchJSON */ = {
			isa = PBXGroup;
			children = (
				CE38A3B00FF6AE3000E93C29 /* Extensions */,
				CE38A3A60FF6AE1000E93C29 /* JSON */,
				CE38A3A30FF6AE0100E93C29 /* CDataScanner.h */,
				CE38A3A40FF6AE0100E93C29 /* CDataScanner.m */,
			);
			name = TouchJSON;
			sourceTree = "<group>";
		};
		CE38A3A60FF6AE1000E93C29 /* JSON */ = {
			isa = PBXGroup;
			children = (
				CE38A3A70FF6AE1000E93C29 /* CJSONDeserializer.h */,
				CE38A3A80FF6AE1100E93C29 /* CJSONDeserializer.m */,
				CE38A3A90FF6AE1100E93C29 /* CJSONScanner.h */,
				CE38A3AA0FF6AE1100E93C29 /* CJSONScanner.m */,
				CE38A3AB0FF6AE1100E93C29 /* CJSONSerializer.h */,
				CE38A3AC0FF6AE1100E93C29 /* CJSONSerializer.m */,
			);
			path = JSON;
			sourceTree = "<group>";
		};
		CE38A3B00FF6AE3000E93C29 /* Extensions */ = {
			isa = PBXGroup;
			children = (
				CE38A3B10FF6AE3000E93C29 /* CDataScanner_Extensions.h */,
				CE38A3B20FF6AE3000E93C29 /* CDataScanner_Extensions.m */,
				CE38A3B30FF6AE3000E93C29 /* NSCharacterSet_Extensions.h */,
				CE38A3B40FF6AE3000E93C29 /* NSCharacterSet_Extensions.m */,
				CE38A3B50FF6AE3000E93C29 /* NSDictionary_JSONExtensions.h */,
				CE38A3B60FF6AE3000E93C29 /* NSDictionary_JSONExtensions.m */,
				CE38A3B70FF6AE3000E93C29 /* NSScanner_Extensions.h */,
				CE38A3B80FF6AE3000E93C29 /* NSScanner_Extensions.m */,
			);
			path = Extensions;
			sourceTree = "<group>";
		};
		CEC144E4101D092E000DA2AE /* DetailView */ = {
			isa = PBXGroup;
			children = (
				CEC586100FC98AE500326D27 /* DetailViewController.h */,
				CEC586110FC98AE500326D27 /* DetailViewController.m */,
				CE3D50D21019065700DF3783 /* DocumentViewController.h */,
				CE3D50D31019065700DF3783 /* DocumentViewController.m */,
				CEECEDAE1019DA1100B3918A /* AFWebView.h */,
				CEECEDAF1019DA1100B3918A /* AFWebView.m */,
				CEC144DF101D03FB000DA2AE /* MediaViewController.h */,
				CEC144E0101D03FB000DA2AE /* MediaViewController.m */,
			);
			name = DetailView;
			sourceTree = "<group>";
		};
/* End PBXGroup section */

/* Begin PBXNativeTarget section */
		1D6058900D05DD3D006BFB54 /* Humboldt */ = {
			isa = PBXNativeTarget;
			buildConfigurationList = 1D6058960D05DD3E006BFB54 /* Build configuration list for PBXNativeTarget "Humboldt" */;
			buildPhases = (
				1D60588D0D05DD3D006BFB54 /* Resources */,
				1D60588E0D05DD3D006BFB54 /* Sources */,
				1D60588F0D05DD3D006BFB54 /* Frameworks */,
			);
			buildRules = (
			);
			dependencies = (
			);
			name = Humboldt;
			productName = Humboldt;
			productReference = 1D6058910D05DD3D006BFB54 /* Humboldt.app */;
			productType = "com.apple.product-type.application";
		};
/* End PBXNativeTarget section */

/* Begin PBXProject section */
		29B97313FDCFA39411CA2CEA /* Project object */ = {
			isa = PBXProject;
			buildConfigurationList = C01FCF4E08A954540054247B /* Build configuration list for PBXProject "Humboldt" */;
			compatibilityVersion = "Xcode 3.1";
			hasScannedForEncodings = 1;
			mainGroup = 29B97314FDCFA39411CA2CEA /* CustomTemplate */;
			projectDirPath = "";
			projectRoot = "";
			targets = (
				1D6058900D05DD3D006BFB54 /* Humboldt */,
			);
		};
/* End PBXProject section */

/* Begin PBXResourcesBuildPhase section */
		1D60588D0D05DD3D006BFB54 /* Resources */ = {
			isa = PBXResourcesBuildPhase;
			buildActionMask = 2147483647;
			files = (
				28AD733F0D9D9553002E5188 /* MainWindow.xib in Resources */,
				CEE291C40FEECC6A00D5E0A4 /* video.png in Resources */,
				CEE291C50FEECC6A00D5E0A4 /* directory.png in Resources */,
				CEE291C60FEECC6A00D5E0A4 /* unknown.png in Resources */,
				CEE291C70FEECC6A00D5E0A4 /* image.png in Resources */,
				CEE291C80FEECC6A00D5E0A4 /* document.png in Resources */,
				CE8627E910013D400063F8F6 /* wwwroot in Resources */,
				CE94311110092418006EE65D /* sound.png in Resources */,
				CE3D50D61019065700DF3783 /* DocumentViewController.xib in Resources */,
			);
			runOnlyForDeploymentPostprocessing = 0;
		};
/* End PBXResourcesBuildPhase section */

/* Begin PBXSourcesBuildPhase section */
		1D60588E0D05DD3D006BFB54 /* Sources */ = {
			isa = PBXSourcesBuildPhase;
			buildActionMask = 2147483647;
			files = (
				1D60589B0D05DD56006BFB54 /* main.m in Sources */,
				1D3623260D0F684500981E51 /* HumboldtAppDelegate.m in Sources */,
				CE2B3B0F0F3CD72B0039B355 /* StorageHTTPConnection.m in Sources */,
				CEC586130FC98AE500326D27 /* DetailViewController.m in Sources */,
				CEE04E9F0FD9E82E00C32900 /* AFMultipartParser.m in Sources */,
				CEF21BB40FF432810042E698 /* DirectoryItem.m in Sources */,
				CE38A38D0FF6AD1200E93C29 /* AsyncSocket.m in Sources */,
				CE38A38E0FF6AD1200E93C29 /* DDData.m in Sources */,
				CE38A38F0FF6AD1200E93C29 /* DDNumber.m in Sources */,
				CE38A3900FF6AD1200E93C29 /* DDRange.m in Sources */,
				CE38A3910FF6AD1200E93C29 /* HTTPAsyncFileResponse.m in Sources */,
				CE38A3920FF6AD1200E93C29 /* HTTPAuthenticationRequest.m in Sources */,
				CE38A3930FF6AD1200E93C29 /* HTTPConnection.m in Sources */,
				CE38A3940FF6AD1200E93C29 /* HTTPResponse.m in Sources */,
				CE38A3950FF6AD1200E93C29 /* HTTPServer.m in Sources */,
				CE38A3A50FF6AE0100E93C29 /* CDataScanner.m in Sources */,
				CE38A3AD0FF6AE1100E93C29 /* CJSONDeserializer.m in Sources */,
				CE38A3AE0FF6AE1100E93C29 /* CJSONScanner.m in Sources */,
				CE38A3AF0FF6AE1100E93C29 /* CJSONSerializer.m in Sources */,
				CE38A3B90FF6AE3000E93C29 /* CDataScanner_Extensions.m in Sources */,
				CE38A3BA0FF6AE3000E93C29 /* NSCharacterSet_Extensions.m in Sources */,
				CE38A3BB0FF6AE3000E93C29 /* NSDictionary_JSONExtensions.m in Sources */,
				CE38A3BC0FF6AE3000E93C29 /* NSScanner_Extensions.m in Sources */,
				CE6C9EED0FF6AFC5009CCC45 /* DirectoryTableViewController.m in Sources */,
				CE3D50D51019065700DF3783 /* DocumentViewController.m in Sources */,
				CEECEDB01019DA1100B3918A /* AFWebView.m in Sources */,
				CEC144E1101D03FB000DA2AE /* MediaViewController.m in Sources */,
			);
			runOnlyForDeploymentPostprocessing = 0;
		};
/* End PBXSourcesBuildPhase section */

/* Begin XCBuildConfiguration section */
		1D6058940D05DD3E006BFB54 /* Debug */ = {
			isa = XCBuildConfiguration;
			buildSettings = {
				ADDITIONAL_SDKS = "";
				ALWAYS_SEARCH_USER_PATHS = NO;
				COPY_PHASE_STRIP = NO;
				FRAMEWORK_SEARCH_PATHS = (
					"$(inherited)",
					"\"$(SRCROOT)\"",
				);
				GCC_DYNAMIC_NO_PIC = NO;
				GCC_OPTIMIZATION_LEVEL = 0;
				GCC_PRECOMPILE_PREFIX_HEADER = YES;
				GCC_PREFIX_HEADER = Humboldt_Prefix.pch;
				INFOPLIST_FILE = Info.plist;
				OTHER_LDFLAGS = "";
				PRODUCT_NAME = Humboldt;
			};
			name = Debug;
		};
		1D6058950D05DD3E006BFB54 /* Release */ = {
			isa = XCBuildConfiguration;
			buildSettings = {
				ALWAYS_SEARCH_USER_PATHS = NO;
				COPY_PHASE_STRIP = YES;
				FRAMEWORK_SEARCH_PATHS = (
					"$(inherited)",
					"\"$(SRCROOT)\"",
				);
				GCC_PRECOMPILE_PREFIX_HEADER = YES;
				GCC_PREFIX_HEADER = Humboldt_Prefix.pch;
				INFOPLIST_FILE = Info.plist;
				PRODUCT_NAME = Humboldt;
			};
			name = Release;
		};
		C01FCF4F08A954540054247B /* Debug */ = {
			isa = XCBuildConfiguration;
			buildSettings = {
				ARCHS = "$(ARCHS_STANDARD_32_BIT)";
				"CODE_SIGN_IDENTITY[sdk=iphoneos*]" = "iPhone Developer";
				GCC_C_LANGUAGE_STANDARD = c99;
				GCC_WARN_ABOUT_RETURN_TYPE = YES;
				GCC_WARN_UNUSED_VARIABLE = YES;
				IPHONEOS_DEPLOYMENT_TARGET = 2.2.1;
				ONLY_ACTIVE_ARCH = YES;
				PREBINDING = NO;
				SDKROOT = iphoneos2.2;
			};
			name = Debug;
		};
		C01FCF5008A954540054247B /* Release */ = {
			isa = XCBuildConfiguration;
			buildSettings = {
				ARCHS = "$(ARCHS_STANDARD_32_BIT)";
				"CODE_SIGN_IDENTITY[sdk=iphoneos*]" = "iPhone Developer";
				GCC_C_LANGUAGE_STANDARD = c99;
				GCC_WARN_ABOUT_RETURN_TYPE = YES;
				GCC_WARN_UNUSED_VARIABLE = YES;
				PREBINDING = NO;
				SDKROOT = iphoneos2.2.1;
			};
			name = Release;
		};
/* End XCBuildConfiguration section */

/* Begin XCConfigurationList section */
		1D6058960D05DD3E006BFB54 /* Build configuration list for PBXNativeTarget "Humboldt" */ = {
			isa = XCConfigurationList;
			buildConfigurations = (
				1D6058940D05DD3E006BFB54 /* Debug */,
				1D6058950D05DD3E006BFB54 /* Release */,
			);
			defaultConfigurationIsVisible = 0;
			defaultConfigurationName = Release;
		};
		C01FCF4E08A954540054247B /* Build configuration list for PBXProject "Humboldt" */ = {
			isa = XCConfigurationList;
			buildConfigurations = (
				C01FCF4F08A954540054247B /* Debug */,
				C01FCF5008A954540054247B /* Release */,
			);
			defaultConfigurationIsVisible = 0;
			defaultConfigurationName = Release;
		};
/* End XCConfigurationList section */
	};
	rootObject = 29B97313FDCFA39411CA2CEA /* Project object */;
}
