// !$*UTF8*$!
{
	archiveVersion = 1;
	classes = {
	};
	objectVersion = 45;
	objects = {

/* Begin PBXBuildFile section */
		1D3623260D0F684500981E51 /* HumboldtAppDelegate.m in Sources */ = {isa = PBXBuildFile; fileRef = 1D3623250D0F684500981E51 /* HumboldtAppDelegate.m */; };
		1D60589B0D05DD56006BFB54 /* main.m in Sources */ = {isa = PBXBuildFile; fileRef = 29B97316FDCFA39411CA2CEA /* main.m */; };
		28AD733F0D9D9553002E5188 /* MainWindow.xib in Resources */ = {isa = PBXBuildFile; fileRef = 28AD733E0D9D9553002E5188 /* MainWindow.xib */; };
		CE0FA3791078CAC200ABACCD /* SearchController.m in Sources */ = {isa = PBXBuildFile; fileRef = CE0FA3781078CAC200ABACCD /* SearchController.m */; };
		CE15B29D106D0F1A006F44E0 /* SharingController.m in Sources */ = {isa = PBXBuildFile; fileRef = CE15B29C106D0F1A006F44E0 /* SharingController.m */; };
		CE2B3B0F0F3CD72B0039B355 /* StorageHTTPConnection.m in Sources */ = {isa = PBXBuildFile; fileRef = CE2B3B0E0F3CD72B0039B355 /* StorageHTTPConnection.m */; };
		CE38A38D0FF6AD1200E93C29 /* AsyncSocket.m in Sources */ = {isa = PBXBuildFile; fileRef = CE38A3790FF6AD1200E93C29 /* AsyncSocket.m */; };
		CE38A38E0FF6AD1200E93C29 /* DDData.m in Sources */ = {isa = PBXBuildFile; fileRef = CE38A37B0FF6AD1200E93C29 /* DDData.m */; };
		CE38A38F0FF6AD1200E93C29 /* DDNumber.m in Sources */ = {isa = PBXBuildFile; fileRef = CE38A37D0FF6AD1200E93C29 /* DDNumber.m */; };
		CE38A3900FF6AD1200E93C29 /* DDRange.m in Sources */ = {isa = PBXBuildFile; fileRef = CE38A37F0FF6AD1200E93C29 /* DDRange.m */; };
		CE38A3910FF6AD1200E93C29 /* HTTPAsyncFileResponse.m in Sources */ = {isa = PBXBuildFile; fileRef = CE38A3810FF6AD1200E93C29 /* HTTPAsyncFileResponse.m */; };
		CE38A3920FF6AD1200E93C29 /* HTTPAuthenticationRequest.m in Sources */ = {isa = PBXBuildFile; fileRef = CE38A3830FF6AD1200E93C29 /* HTTPAuthenticationRequest.m */; };
		CE38A3930FF6AD1200E93C29 /* HTTPConnection.m in Sources */ = {isa = PBXBuildFile; fileRef = CE38A3850FF6AD1200E93C29 /* HTTPConnection.m */; };
		CE38A3940FF6AD1200E93C29 /* HTTPResponse.m in Sources */ = {isa = PBXBuildFile; fileRef = CE38A3870FF6AD1200E93C29 /* HTTPResponse.m */; };
		CE38A3950FF6AD1200E93C29 /* HTTPServer.m in Sources */ = {isa = PBXBuildFile; fileRef = CE38A3890FF6AD1200E93C29 /* HTTPServer.m */; };
		CE38A3A50FF6AE0100E93C29 /* CDataScanner.m in Sources */ = {isa = PBXBuildFile; fileRef = CE38A3A40FF6AE0100E93C29 /* CDataScanner.m */; };
		CE38A3AD0FF6AE1100E93C29 /* CJSONDeserializer.m in Sources */ = {isa = PBXBuildFile; fileRef = CE38A3A80FF6AE1100E93C29 /* CJSONDeserializer.m */; };
		CE38A3AE0FF6AE1100E93C29 /* CJSONScanner.m in Sources */ = {isa = PBXBuildFile; fileRef = CE38A3AA0FF6AE1100E93C29 /* CJSONScanner.m */; };
		CE38A3AF0FF6AE1100E93C29 /* CJSONSerializer.m in Sources */ = {isa = PBXBuildFile; fileRef = CE38A3AC0FF6AE1100E93C29 /* CJSONSerializer.m */; };
		CE38A3B90FF6AE3000E93C29 /* CDataScanner_Extensions.m in Sources */ = {isa = PBXBuildFile; fileRef = CE38A3B20FF6AE3000E93C29 /* CDataScanner_Extensions.m */; };
		CE38A3BA0FF6AE3000E93C29 /* NSCharacterSet_Extensions.m in Sources */ = {isa = PBXBuildFile; fileRef = CE38A3B40FF6AE3000E93C29 /* NSCharacterSet_Extensions.m */; };
		CE38A3BB0FF6AE3000E93C29 /* NSDictionary_JSONExtensions.m in Sources */ = {isa = PBXBuildFile; fileRef = CE38A3B60FF6AE3000E93C29 /* NSDictionary_JSONExtensions.m */; };
		CE38A3BC0FF6AE3000E93C29 /* NSScanner_Extensions.m in Sources */ = {isa = PBXBuildFile; fileRef = CE38A3B80FF6AE3000E93C29 /* NSScanner_Extensions.m */; };
		CE5B301210539CBC00B6A834 /* AVFoundation.framework in Frameworks */ = {isa = PBXBuildFile; fileRef = CE5B301110539CBC00B6A834 /* AVFoundation.framework */; };
		CE5B301410539CBC00B6A834 /* CFNetwork.framework in Frameworks */ = {isa = PBXBuildFile; fileRef = CE5B301310539CBC00B6A834 /* CFNetwork.framework */; };
		CE5B301610539CBC00B6A834 /* Foundation.framework in Frameworks */ = {isa = PBXBuildFile; fileRef = CE5B301510539CBC00B6A834 /* Foundation.framework */; };
		CE5B301810539CBC00B6A834 /* MediaPlayer.framework in Frameworks */ = {isa = PBXBuildFile; fileRef = CE5B301710539CBC00B6A834 /* MediaPlayer.framework */; };
		CE5B301A10539CBC00B6A834 /* UIKit.framework in Frameworks */ = {isa = PBXBuildFile; fileRef = CE5B301910539CBC00B6A834 /* UIKit.framework */; };
		CE5B30DE10539DD100B6A834 /* CoreGraphics.framework in Frameworks */ = {isa = PBXBuildFile; fileRef = CE5B30DD10539DD100B6A834 /* CoreGraphics.framework */; };
		CE6C9EED0FF6AFC5009CCC45 /* FolderController.m in Sources */ = {isa = PBXBuildFile; fileRef = CE6C9EEC0FF6AFC5009CCC45 /* FolderController.m */; };
		CE7A06C5107BC98700CFCCED /* StorageItem.m in Sources */ = {isa = PBXBuildFile; fileRef = CE7A06C4107BC98700CFCCED /* StorageItem.m */; };
		CE8627E910013D400063F8F6 /* wwwroot in Resources */ = {isa = PBXBuildFile; fileRef = CE8627E510013D400063F8F6 /* wwwroot */; };
		CE8704C81041C4AB00A18899 /* TapDetectingScrollView.m in Sources */ = {isa = PBXBuildFile; fileRef = CE8704C71041C4AB00A18899 /* TapDetectingScrollView.m */; };
		CE8C98921039E7A800E7E3ED /* FileController.m in Sources */ = {isa = PBXBuildFile; fileRef = CE8C98911039E7A800E7E3ED /* FileController.m */; };
		CE8C98A71039E82400E7E3ED /* MovieController.m in Sources */ = {isa = PBXBuildFile; fileRef = CE8C98A61039E82400E7E3ED /* MovieController.m */; };
		CE8C992F1039F8FC00E7E3ED /* DocumentController.m in Sources */ = {isa = PBXBuildFile; fileRef = CE8C992E1039F8FC00E7E3ED /* DocumentController.m */; };
		CE93B068103C862E0069BD35 /* ImageController.m in Sources */ = {isa = PBXBuildFile; fileRef = CE93B066103C862E0069BD35 /* ImageController.m */; };
		CE9A6D85105EF74E00E25682 /* AudioToolbox.framework in Frameworks */ = {isa = PBXBuildFile; fileRef = CE9A6D84105EF74E00E25682 /* AudioToolbox.framework */; };
		CEA88706102AECB50029ED9F /* TapDetectingImageView.m in Sources */ = {isa = PBXBuildFile; fileRef = CEA88704102AECB50029ED9F /* TapDetectingImageView.m */; };
		CEAA886B10680D1E009EF7B7 /* Reachability.m in Sources */ = {isa = PBXBuildFile; fileRef = CEAA886A10680D1E009EF7B7 /* Reachability.m */; };
		CEB86621106A6A2600D9A47D /* SearchController.xib in Resources */ = {isa = PBXBuildFile; fileRef = CEB8661F106A6A2600D9A47D /* SearchController.xib */; };
		CEC34E27103594BF008021B0 /* audio.png in Resources */ = {isa = PBXBuildFile; fileRef = CEC34E21103594BF008021B0 /* audio.png */; };
		CEC34E28103594BF008021B0 /* directory.png in Resources */ = {isa = PBXBuildFile; fileRef = CEC34E22103594BF008021B0 /* directory.png */; };
		CEC34E29103594BF008021B0 /* document.png in Resources */ = {isa = PBXBuildFile; fileRef = CEC34E23103594BF008021B0 /* document.png */; };
		CEC34E2A103594BF008021B0 /* image.png in Resources */ = {isa = PBXBuildFile; fileRef = CEC34E24103594BF008021B0 /* image.png */; };
		CEC34E2B103594BF008021B0 /* unknown.png in Resources */ = {isa = PBXBuildFile; fileRef = CEC34E25103594BF008021B0 /* unknown.png */; };
		CEC34E2C103594BF008021B0 /* video.png in Resources */ = {isa = PBXBuildFile; fileRef = CEC34E26103594BF008021B0 /* video.png */; };
		CECE390910680DD4000EE1F6 /* SystemConfiguration.framework in Frameworks */ = {isa = PBXBuildFile; fileRef = CECE390810680DD4000EE1F6 /* SystemConfiguration.framework */; };
		CED611271081F5F9000C41CB /* NSArray+CWSortedInsert.m in Sources */ = {isa = PBXBuildFile; fileRef = CED611261081F5F9000C41CB /* NSArray+CWSortedInsert.m */; };
		CED6135910826EB9000C41CB /* SearchTableViewController.m in Sources */ = {isa = PBXBuildFile; fileRef = CED6135810826EB9000C41CB /* SearchTableViewController.m */; };
		CED6138C108279AB000C41CB /* FilesTableViewController.m in Sources */ = {isa = PBXBuildFile; fileRef = CED6138B108279AB000C41CB /* FilesTableViewController.m */; };
		CEE04E9F0FD9E82E00C32900 /* AFMultipartParser.m in Sources */ = {isa = PBXBuildFile; fileRef = CEE04E9E0FD9E82E00C32900 /* AFMultipartParser.m */; };
		CEECEDB01019DA1100B3918A /* TapDetectingWebView.m in Sources */ = {isa = PBXBuildFile; fileRef = CEECEDAF1019DA1100B3918A /* TapDetectingWebView.m */; };
		CEF21BB40FF432810042E698 /* DirectoryItem.m in Sources */ = {isa = PBXBuildFile; fileRef = CEF21BB30FF432810042E698 /* DirectoryItem.m */; };
		CEF88F3A105301EE00D415F0 /* AudioController.m in Sources */ = {isa = PBXBuildFile; fileRef = CEF88F38105301EE00D415F0 /* AudioController.m */; };
		CEF88F60105311A100D415F0 /* AudioController.xib in Resources */ = {isa = PBXBuildFile; fileRef = CEF88F5F105311A100D415F0 /* AudioController.xib */; };
/* End PBXBuildFile section */

/* Begin PBXFileReference section */
		1D3623240D0F684500981E51 /* HumboldtAppDelegate.h */ = {isa = PBXFileReference; fileEncoding = 4; lastKnownFileType = sourcecode.c.h; path = HumboldtAppDelegate.h; sourceTree = "<group>"; };
		1D3623250D0F684500981E51 /* HumboldtAppDelegate.m */ = {isa = PBXFileReference; fileEncoding = 4; lastKnownFileType = sourcecode.c.objc; path = HumboldtAppDelegate.m; sourceTree = "<group>"; };
		1D6058910D05DD3D006BFB54 /* airship.app */ = {isa = PBXFileReference; explicitFileType = wrapper.application; includeInIndex = 0; path = airship.app; sourceTree = BUILT_PRODUCTS_DIR; };
		28AD733E0D9D9553002E5188 /* MainWindow.xib */ = {isa = PBXFileReference; lastKnownFileType = file.xib; path = MainWindow.xib; sourceTree = "<group>"; };
		29B97316FDCFA39411CA2CEA /* main.m */ = {isa = PBXFileReference; fileEncoding = 4; lastKnownFileType = sourcecode.c.objc; path = main.m; sourceTree = "<group>"; };
		32CA4F630368D1EE00C91783 /* Humboldt_Prefix.pch */ = {isa = PBXFileReference; fileEncoding = 4; lastKnownFileType = sourcecode.c.h; path = Humboldt_Prefix.pch; sourceTree = "<group>"; };
		8D1107310486CEB800E47090 /* Info.plist */ = {isa = PBXFileReference; fileEncoding = 4; lastKnownFileType = text.plist.xml; path = Info.plist; sourceTree = "<group>"; };
		CE0FA3781078CAC200ABACCD /* SearchController.m */ = {isa = PBXFileReference; fileEncoding = 4; lastKnownFileType = sourcecode.c.objc; path = SearchController.m; sourceTree = "<group>"; };
		CE15B29B106D0F1A006F44E0 /* SharingController.h */ = {isa = PBXFileReference; fileEncoding = 4; lastKnownFileType = sourcecode.c.h; path = SharingController.h; sourceTree = "<group>"; };
		CE15B29C106D0F1A006F44E0 /* SharingController.m */ = {isa = PBXFileReference; fileEncoding = 4; lastKnownFileType = sourcecode.c.objc; path = SharingController.m; sourceTree = "<group>"; };
		CE2B3B0D0F3CD72B0039B355 /* StorageHTTPConnection.h */ = {isa = PBXFileReference; fileEncoding = 4; lastKnownFileType = sourcecode.c.h; path = StorageHTTPConnection.h; sourceTree = "<group>"; };
		CE2B3B0E0F3CD72B0039B355 /* StorageHTTPConnection.m */ = {isa = PBXFileReference; fileEncoding = 4; lastKnownFileType = sourcecode.c.objc; path = StorageHTTPConnection.m; sourceTree = "<group>"; };
		CE38A3780FF6AD1200E93C29 /* AsyncSocket.h */ = {isa = PBXFileReference; fileEncoding = 4; lastKnownFileType = sourcecode.c.h; path = AsyncSocket.h; sourceTree = "<group>"; };
		CE38A3790FF6AD1200E93C29 /* AsyncSocket.m */ = {isa = PBXFileReference; fileEncoding = 4; lastKnownFileType = sourcecode.c.objc; path = AsyncSocket.m; sourceTree = "<group>"; };
		CE38A37A0FF6AD1200E93C29 /* DDData.h */ = {isa = PBXFileReference; fileEncoding = 4; lastKnownFileType = sourcecode.c.h; path = DDData.h; sourceTree = "<group>"; };
		CE38A37B0FF6AD1200E93C29 /* DDData.m */ = {isa = PBXFileReference; fileEncoding = 4; lastKnownFileType = sourcecode.c.objc; path = DDData.m; sourceTree = "<group>"; };
		CE38A37C0FF6AD1200E93C29 /* DDNumber.h */ = {isa = PBXFileReference; fileEncoding = 4; lastKnownFileType = sourcecode.c.h; path = DDNumber.h; sourceTree = "<group>"; };
		CE38A37D0FF6AD1200E93C29 /* DDNumber.m */ = {isa = PBXFileReference; fileEncoding = 4; lastKnownFileType = sourcecode.c.objc; path = DDNumber.m; sourceTree = "<group>"; };
		CE38A37E0FF6AD1200E93C29 /* DDRange.h */ = {isa = PBXFileReference; fileEncoding = 4; lastKnownFileType = sourcecode.c.h; path = DDRange.h; sourceTree = "<group>"; };
		CE38A37F0FF6AD1200E93C29 /* DDRange.m */ = {isa = PBXFileReference; fileEncoding = 4; lastKnownFileType = sourcecode.c.objc; path = DDRange.m; sourceTree = "<group>"; };
		CE38A3800FF6AD1200E93C29 /* HTTPAsyncFileResponse.h */ = {isa = PBXFileReference; fileEncoding = 4; lastKnownFileType = sourcecode.c.h; path = HTTPAsyncFileResponse.h; sourceTree = "<group>"; };
		CE38A3810FF6AD1200E93C29 /* HTTPAsyncFileResponse.m */ = {isa = PBXFileReference; fileEncoding = 4; lastKnownFileType = sourcecode.c.objc; path = HTTPAsyncFileResponse.m; sourceTree = "<group>"; };
		CE38A3820FF6AD1200E93C29 /* HTTPAuthenticationRequest.h */ = {isa = PBXFileReference; fileEncoding = 4; lastKnownFileType = sourcecode.c.h; path = HTTPAuthenticationRequest.h; sourceTree = "<group>"; };
		CE38A3830FF6AD1200E93C29 /* HTTPAuthenticationRequest.m */ = {isa = PBXFileReference; fileEncoding = 4; lastKnownFileType = sourcecode.c.objc; path = HTTPAuthenticationRequest.m; sourceTree = "<group>"; };
		CE38A3840FF6AD1200E93C29 /* HTTPConnection.h */ = {isa = PBXFileReference; fileEncoding = 4; lastKnownFileType = sourcecode.c.h; path = HTTPConnection.h; sourceTree = "<group>"; };
		CE38A3850FF6AD1200E93C29 /* HTTPConnection.m */ = {isa = PBXFileReference; fileEncoding = 4; lastKnownFileType = sourcecode.c.objc; path = HTTPConnection.m; sourceTree = "<group>"; };
		CE38A3860FF6AD1200E93C29 /* HTTPResponse.h */ = {isa = PBXFileReference; fileEncoding = 4; lastKnownFileType = sourcecode.c.h; path = HTTPResponse.h; sourceTree = "<group>"; };
		CE38A3870FF6AD1200E93C29 /* HTTPResponse.m */ = {isa = PBXFileReference; fileEncoding = 4; lastKnownFileType = sourcecode.c.objc; path = HTTPResponse.m; sourceTree = "<group>"; };
		CE38A3880FF6AD1200E93C29 /* HTTPServer.h */ = {isa = PBXFileReference; fileEncoding = 4; lastKnownFileType = sourcecode.c.h; path = HTTPServer.h; sourceTree = "<group>"; };
		CE38A3890FF6AD1200E93C29 /* HTTPServer.m */ = {isa = PBXFileReference; fileEncoding = 4; lastKnownFileType = sourcecode.c.objc; path = HTTPServer.m; sourceTree = "<group>"; };
		CE38A3A30FF6AE0100E93C29 /* CDataScanner.h */ = {isa = PBXFileReference; fileEncoding = 4; lastKnownFileType = sourcecode.c.h; path = CDataScanner.h; sourceTree = "<group>"; };
		CE38A3A40FF6AE0100E93C29 /* CDataScanner.m */ = {isa = PBXFileReference; fileEncoding = 4; lastKnownFileType = sourcecode.c.objc; path = CDataScanner.m; sourceTree = "<group>"; };
		CE38A3A70FF6AE1000E93C29 /* CJSONDeserializer.h */ = {isa = PBXFileReference; fileEncoding = 4; lastKnownFileType = sourcecode.c.h; path = CJSONDeserializer.h; sourceTree = "<group>"; };
		CE38A3A80FF6AE1100E93C29 /* CJSONDeserializer.m */ = {isa = PBXFileReference; fileEncoding = 4; lastKnownFileType = sourcecode.c.objc; path = CJSONDeserializer.m; sourceTree = "<group>"; };
		CE38A3A90FF6AE1100E93C29 /* CJSONScanner.h */ = {isa = PBXFileReference; fileEncoding = 4; lastKnownFileType = sourcecode.c.h; path = CJSONScanner.h; sourceTree = "<group>"; };
		CE38A3AA0FF6AE1100E93C29 /* CJSONScanner.m */ = {isa = PBXFileReference; fileEncoding = 4; lastKnownFileType = sourcecode.c.objc; path = CJSONScanner.m; sourceTree = "<group>"; };
		CE38A3AB0FF6AE1100E93C29 /* CJSONSerializer.h */ = {isa = PBXFileReference; fileEncoding = 4; lastKnownFileType = sourcecode.c.h; path = CJSONSerializer.h; sourceTree = "<group>"; };
		CE38A3AC0FF6AE1100E93C29 /* CJSONSerializer.m */ = {isa = PBXFileReference; fileEncoding = 4; lastKnownFileType = sourcecode.c.objc; path = CJSONSerializer.m; sourceTree = "<group>"; };
		CE38A3B10FF6AE3000E93C29 /* CDataScanner_Extensions.h */ = {isa = PBXFileReference; fileEncoding = 4; lastKnownFileType = sourcecode.c.h; path = CDataScanner_Extensions.h; sourceTree = "<group>"; };
		CE38A3B20FF6AE3000E93C29 /* CDataScanner_Extensions.m */ = {isa = PBXFileReference; fileEncoding = 4; lastKnownFileType = sourcecode.c.objc; path = CDataScanner_Extensions.m; sourceTree = "<group>"; };
		CE38A3B30FF6AE3000E93C29 /* NSCharacterSet_Extensions.h */ = {isa = PBXFileReference; fileEncoding = 4; lastKnownFileType = sourcecode.c.h; path = NSCharacterSet_Extensions.h; sourceTree = "<group>"; };
		CE38A3B40FF6AE3000E93C29 /* NSCharacterSet_Extensions.m */ = {isa = PBXFileReference; fileEncoding = 4; lastKnownFileType = sourcecode.c.objc; path = NSCharacterSet_Extensions.m; sourceTree = "<group>"; };
		CE38A3B50FF6AE3000E93C29 /* NSDictionary_JSONExtensions.h */ = {isa = PBXFileReference; fileEncoding = 4; lastKnownFileType = sourcecode.c.h; path = NSDictionary_JSONExtensions.h; sourceTree = "<group>"; };
		CE38A3B60FF6AE3000E93C29 /* NSDictionary_JSONExtensions.m */ = {isa = PBXFileReference; fileEncoding = 4; lastKnownFileType = sourcecode.c.objc; path = NSDictionary_JSONExtensions.m; sourceTree = "<group>"; };
		CE38A3B70FF6AE3000E93C29 /* NSScanner_Extensions.h */ = {isa = PBXFileReference; fileEncoding = 4; lastKnownFileType = sourcecode.c.h; path = NSScanner_Extensions.h; sourceTree = "<group>"; };
		CE38A3B80FF6AE3000E93C29 /* NSScanner_Extensions.m */ = {isa = PBXFileReference; fileEncoding = 4; lastKnownFileType = sourcecode.c.objc; path = NSScanner_Extensions.m; sourceTree = "<group>"; };
		CE5B301110539CBC00B6A834 /* AVFoundation.framework */ = {isa = PBXFileReference; lastKnownFileType = wrapper.framework; name = AVFoundation.framework; path = /Developer/Platforms/iPhoneOS.platform/Developer/SDKs/iPhoneOS3.1.sdk/System/Library/Frameworks/AVFoundation.framework; sourceTree = "<absolute>"; };
		CE5B301310539CBC00B6A834 /* CFNetwork.framework */ = {isa = PBXFileReference; lastKnownFileType = wrapper.framework; name = CFNetwork.framework; path = /Developer/Platforms/iPhoneOS.platform/Developer/SDKs/iPhoneOS3.1.sdk/System/Library/Frameworks/CFNetwork.framework; sourceTree = "<absolute>"; };
		CE5B301510539CBC00B6A834 /* Foundation.framework */ = {isa = PBXFileReference; lastKnownFileType = wrapper.framework; name = Foundation.framework; path = /Developer/Platforms/iPhoneOS.platform/Developer/SDKs/iPhoneOS3.1.sdk/System/Library/Frameworks/Foundation.framework; sourceTree = "<absolute>"; };
		CE5B301710539CBC00B6A834 /* MediaPlayer.framework */ = {isa = PBXFileReference; lastKnownFileType = wrapper.framework; name = MediaPlayer.framework; path = /Developer/Platforms/iPhoneOS.platform/Developer/SDKs/iPhoneOS3.1.sdk/System/Library/Frameworks/MediaPlayer.framework; sourceTree = "<absolute>"; };
		CE5B301910539CBC00B6A834 /* UIKit.framework */ = {isa = PBXFileReference; lastKnownFileType = wrapper.framework; name = UIKit.framework; path = /Developer/Platforms/iPhoneOS.platform/Developer/SDKs/iPhoneOS3.1.sdk/System/Library/Frameworks/UIKit.framework; sourceTree = "<absolute>"; };
		CE5B30DD10539DD100B6A834 /* CoreGraphics.framework */ = {isa = PBXFileReference; lastKnownFileType = wrapper.framework; name = CoreGraphics.framework; path = Platforms/iPhoneOS.platform/Developer/SDKs/iPhoneOS3.1.sdk/System/Library/Frameworks/CoreGraphics.framework; sourceTree = DEVELOPER_DIR; };
		CE6C9EEB0FF6AFC5009CCC45 /* FolderController.h */ = {isa = PBXFileReference; fileEncoding = 4; lastKnownFileType = sourcecode.c.h; path = FolderController.h; sourceTree = "<group>"; };
		CE6C9EEC0FF6AFC5009CCC45 /* FolderController.m */ = {isa = PBXFileReference; fileEncoding = 4; lastKnownFileType = sourcecode.c.objc; path = FolderController.m; sourceTree = "<group>"; };
		CE70DA090FFABC0400D606B3 /* AFMultipartParser.h */ = {isa = PBXFileReference; fileEncoding = 4; lastKnownFileType = sourcecode.c.h; path = AFMultipartParser.h; sourceTree = "<group>"; };
		CE7A06C3107BC98700CFCCED /* StorageItem.h */ = {isa = PBXFileReference; fileEncoding = 4; lastKnownFileType = sourcecode.c.h; path = StorageItem.h; sourceTree = "<group>"; };
		CE7A06C4107BC98700CFCCED /* StorageItem.m */ = {isa = PBXFileReference; fileEncoding = 4; lastKnownFileType = sourcecode.c.objc; path = StorageItem.m; sourceTree = "<group>"; };
		CE8627E510013D400063F8F6 /* wwwroot */ = {isa = PBXFileReference; lastKnownFileType = folder; path = wwwroot; sourceTree = "<group>"; };
		CE8704C61041C4AB00A18899 /* TapDetectingScrollView.h */ = {isa = PBXFileReference; fileEncoding = 4; lastKnownFileType = sourcecode.c.h; path = TapDetectingScrollView.h; sourceTree = "<group>"; };
		CE8704C71041C4AB00A18899 /* TapDetectingScrollView.m */ = {isa = PBXFileReference; fileEncoding = 4; lastKnownFileType = sourcecode.c.objc; path = TapDetectingScrollView.m; sourceTree = "<group>"; };
		CE8C98901039E7A800E7E3ED /* FileController.h */ = {isa = PBXFileReference; fileEncoding = 4; lastKnownFileType = sourcecode.c.h; path = FileController.h; sourceTree = "<group>"; };
		CE8C98911039E7A800E7E3ED /* FileController.m */ = {isa = PBXFileReference; fileEncoding = 4; lastKnownFileType = sourcecode.c.objc; path = FileController.m; sourceTree = "<group>"; };
		CE8C98A51039E82400E7E3ED /* MovieController.h */ = {isa = PBXFileReference; fileEncoding = 4; lastKnownFileType = sourcecode.c.h; path = MovieController.h; sourceTree = "<group>"; };
		CE8C98A61039E82400E7E3ED /* MovieController.m */ = {isa = PBXFileReference; fileEncoding = 4; lastKnownFileType = sourcecode.c.objc; path = MovieController.m; sourceTree = "<group>"; };
		CE8C992D1039F8FC00E7E3ED /* DocumentController.h */ = {isa = PBXFileReference; fileEncoding = 4; lastKnownFileType = sourcecode.c.h; path = DocumentController.h; sourceTree = "<group>"; };
		CE8C992E1039F8FC00E7E3ED /* DocumentController.m */ = {isa = PBXFileReference; fileEncoding = 4; lastKnownFileType = sourcecode.c.objc; path = DocumentController.m; sourceTree = "<group>"; };
		CE93B065103C862E0069BD35 /* ImageController.h */ = {isa = PBXFileReference; fileEncoding = 4; lastKnownFileType = sourcecode.c.h; path = ImageController.h; sourceTree = "<group>"; };
		CE93B066103C862E0069BD35 /* ImageController.m */ = {isa = PBXFileReference; fileEncoding = 4; lastKnownFileType = sourcecode.c.objc; path = ImageController.m; sourceTree = "<group>"; };
		CE9A6D84105EF74E00E25682 /* AudioToolbox.framework */ = {isa = PBXFileReference; lastKnownFileType = wrapper.framework; name = AudioToolbox.framework; path = System/Library/Frameworks/AudioToolbox.framework; sourceTree = SDKROOT; };
		CEA88704102AECB50029ED9F /* TapDetectingImageView.m */ = {isa = PBXFileReference; fileEncoding = 4; lastKnownFileType = sourcecode.c.objc; path = TapDetectingImageView.m; sourceTree = "<group>"; };
		CEA88705102AECB50029ED9F /* TapDetectingImageView.h */ = {isa = PBXFileReference; fileEncoding = 4; lastKnownFileType = sourcecode.c.h; path = TapDetectingImageView.h; sourceTree = "<group>"; };
		CEAA886910680D1E009EF7B7 /* Reachability.h */ = {isa = PBXFileReference; fileEncoding = 4; lastKnownFileType = sourcecode.c.h; path = Reachability.h; sourceTree = "<group>"; };
		CEAA886A10680D1E009EF7B7 /* Reachability.m */ = {isa = PBXFileReference; fileEncoding = 4; lastKnownFileType = sourcecode.c.objc; path = Reachability.m; sourceTree = "<group>"; };
		CEB8661D106A6A2600D9A47D /* SearchController.h */ = {isa = PBXFileReference; fileEncoding = 4; lastKnownFileType = sourcecode.c.h; path = SearchController.h; sourceTree = "<group>"; };
		CEB8661F106A6A2600D9A47D /* SearchController.xib */ = {isa = PBXFileReference; lastKnownFileType = file.xib; name = SearchController.xib; path = Classes/SearchController.xib; sourceTree = "<group>"; };
		CEC34E21103594BF008021B0 /* audio.png */ = {isa = PBXFileReference; lastKnownFileType = image.png; path = audio.png; sourceTree = "<group>"; };
		CEC34E22103594BF008021B0 /* directory.png */ = {isa = PBXFileReference; lastKnownFileType = image.png; path = directory.png; sourceTree = "<group>"; };
		CEC34E23103594BF008021B0 /* document.png */ = {isa = PBXFileReference; lastKnownFileType = image.png; path = document.png; sourceTree = "<group>"; };
		CEC34E24103594BF008021B0 /* image.png */ = {isa = PBXFileReference; lastKnownFileType = image.png; path = image.png; sourceTree = "<group>"; };
		CEC34E25103594BF008021B0 /* unknown.png */ = {isa = PBXFileReference; lastKnownFileType = image.png; path = unknown.png; sourceTree = "<group>"; };
		CEC34E26103594BF008021B0 /* video.png */ = {isa = PBXFileReference; lastKnownFileType = image.png; path = video.png; sourceTree = "<group>"; };
		CECE390810680DD4000EE1F6 /* SystemConfiguration.framework */ = {isa = PBXFileReference; lastKnownFileType = wrapper.framework; name = SystemConfiguration.framework; path = System/Library/Frameworks/SystemConfiguration.framework; sourceTree = SDKROOT; };
		CED611251081F5F9000C41CB /* NSArray+CWSortedInsert.h */ = {isa = PBXFileReference; fileEncoding = 4; lastKnownFileType = sourcecode.c.h; path = "NSArray+CWSortedInsert.h"; sourceTree = "<group>"; };
		CED611261081F5F9000C41CB /* NSArray+CWSortedInsert.m */ = {isa = PBXFileReference; fileEncoding = 4; lastKnownFileType = sourcecode.c.objc; path = "NSArray+CWSortedInsert.m"; sourceTree = "<group>"; };
		CED6135710826EB9000C41CB /* SearchTableViewController.h */ = {isa = PBXFileReference; fileEncoding = 4; lastKnownFileType = sourcecode.c.h; path = SearchTableViewController.h; sourceTree = "<group>"; };
		CED6135810826EB9000C41CB /* SearchTableViewController.m */ = {isa = PBXFileReference; fileEncoding = 4; lastKnownFileType = sourcecode.c.objc; path = SearchTableViewController.m; sourceTree = "<group>"; };
		CED6138A108279AB000C41CB /* FilesTableViewController.h */ = {isa = PBXFileReference; fileEncoding = 4; lastKnownFileType = sourcecode.c.h; path = FilesTableViewController.h; sourceTree = "<group>"; };
		CED6138B108279AB000C41CB /* FilesTableViewController.m */ = {isa = PBXFileReference; fileEncoding = 4; lastKnownFileType = sourcecode.c.objc; path = FilesTableViewController.m; sourceTree = "<group>"; };
		CEE04E9E0FD9E82E00C32900 /* AFMultipartParser.m */ = {isa = PBXFileReference; fileEncoding = 4; lastKnownFileType = sourcecode.c.objc; path = AFMultipartParser.m; sourceTree = "<group>"; };
		CEECEDAE1019DA1100B3918A /* TapDetectingWebView.h */ = {isa = PBXFileReference; fileEncoding = 4; lastKnownFileType = sourcecode.c.h; path = TapDetectingWebView.h; sourceTree = "<group>"; };
		CEECEDAF1019DA1100B3918A /* TapDetectingWebView.m */ = {isa = PBXFileReference; fileEncoding = 4; lastKnownFileType = sourcecode.c.objc; path = TapDetectingWebView.m; sourceTree = "<group>"; };
		CEF21BB20FF432810042E698 /* DirectoryItem.h */ = {isa = PBXFileReference; fileEncoding = 4; lastKnownFileType = sourcecode.c.h; path = DirectoryItem.h; sourceTree = "<group>"; };
		CEF21BB30FF432810042E698 /* DirectoryItem.m */ = {isa = PBXFileReference; fileEncoding = 4; lastKnownFileType = sourcecode.c.objc; path = DirectoryItem.m; sourceTree = "<group>"; };
		CEF88F37105301EE00D415F0 /* AudioController.h */ = {isa = PBXFileReference; fileEncoding = 4; lastKnownFileType = sourcecode.c.h; path = AudioController.h; sourceTree = "<group>"; };
		CEF88F38105301EE00D415F0 /* AudioController.m */ = {isa = PBXFileReference; fileEncoding = 4; lastKnownFileType = sourcecode.c.objc; path = AudioController.m; sourceTree = "<group>"; };
		CEF88F5F105311A100D415F0 /* AudioController.xib */ = {isa = PBXFileReference; lastKnownFileType = file.xib; path = AudioController.xib; sourceTree = "<group>"; };
/* End PBXFileReference section */

/* Begin PBXFrameworksBuildPhase section */
		1D60588F0D05DD3D006BFB54 /* Frameworks */ = {
			isa = PBXFrameworksBuildPhase;
			buildActionMask = 2147483647;
			files = (
				CE5B301210539CBC00B6A834 /* AVFoundation.framework in Frameworks */,
				CE5B301410539CBC00B6A834 /* CFNetwork.framework in Frameworks */,
				CE5B301610539CBC00B6A834 /* Foundation.framework in Frameworks */,
				CE5B301810539CBC00B6A834 /* MediaPlayer.framework in Frameworks */,
				CE5B301A10539CBC00B6A834 /* UIKit.framework in Frameworks */,
				CE5B30DE10539DD100B6A834 /* CoreGraphics.framework in Frameworks */,
				CE9A6D85105EF74E00E25682 /* AudioToolbox.framework in Frameworks */,
				CECE390910680DD4000EE1F6 /* SystemConfiguration.framework in Frameworks */,
			);
			runOnlyForDeploymentPostprocessing = 0;
		};
/* End PBXFrameworksBuildPhase section */

/* Begin PBXGroup section */
		080E96DDFE201D6D7F000001 /* Classes */ = {
			isa = PBXGroup;
			children = (
				CEECF85B10302C8200469751 /* WWW */,
				CEC144E4101D092E000DA2AE /* DetailView */,
				1D3623240D0F684500981E51 /* HumboldtAppDelegate.h */,
				1D3623250D0F684500981E51 /* HumboldtAppDelegate.m */,
				CE6C9EEB0FF6AFC5009CCC45 /* FolderController.h */,
				CE6C9EEC0FF6AFC5009CCC45 /* FolderController.m */,
				CEF21BB20FF432810042E698 /* DirectoryItem.h */,
				CEF21BB30FF432810042E698 /* DirectoryItem.m */,
				CEB8661D106A6A2600D9A47D /* SearchController.h */,
				CE0FA3781078CAC200ABACCD /* SearchController.m */,
				CE15B29B106D0F1A006F44E0 /* SharingController.h */,
				CE15B29C106D0F1A006F44E0 /* SharingController.m */,
				CE7A06C3107BC98700CFCCED /* StorageItem.h */,
				CE7A06C4107BC98700CFCCED /* StorageItem.m */,
				CED6138A108279AB000C41CB /* FilesTableViewController.h */,
				CED6138B108279AB000C41CB /* FilesTableViewController.m */,
				CED6135710826EB9000C41CB /* SearchTableViewController.h */,
				CED6135810826EB9000C41CB /* SearchTableViewController.m */,
			);
			path = Classes;
			sourceTree = "<group>";
		};
		19C28FACFE9D520D11CA2CBB /* Products */ = {
			isa = PBXGroup;
			children = (
				1D6058910D05DD3D006BFB54 /* airship.app */,
			);
			name = Products;
			sourceTree = "<group>";
		};
		29B97314FDCFA39411CA2CEA /* CustomTemplate */ = {
			isa = PBXGroup;
			children = (
				CE38A3740FF6ACEE00E93C29 /* Source */,
				080E96DDFE201D6D7F000001 /* Classes */,
				29B97315FDCFA39411CA2CEA /* Other Sources */,
				29B97317FDCFA39411CA2CEA /* Resources */,
				29B97323FDCFA39411CA2CEA /* Frameworks */,
				19C28FACFE9D520D11CA2CBB /* Products */,
			);
			name = CustomTemplate;
			sourceTree = "<group>";
		};
		29B97315FDCFA39411CA2CEA /* Other Sources */ = {
			isa = PBXGroup;
			children = (
				32CA4F630368D1EE00C91783 /* Humboldt_Prefix.pch */,
				29B97316FDCFA39411CA2CEA /* main.m */,
			);
			name = "Other Sources";
			sourceTree = "<group>";
		};
		29B97317FDCFA39411CA2CEA /* Resources */ = {
			isa = PBXGroup;
			children = (
				CEC34E20103594BF008021B0 /* icons */,
				CE8627E510013D400063F8F6 /* wwwroot */,
				28AD733E0D9D9553002E5188 /* MainWindow.xib */,
				CEB8661F106A6A2600D9A47D /* SearchController.xib */,
				CEF88F5F105311A100D415F0 /* AudioController.xib */,
				8D1107310486CEB800E47090 /* Info.plist */,
			);
			name = Resources;
			sourceTree = "<group>";
		};
		29B97323FDCFA39411CA2CEA /* Frameworks */ = {
			isa = PBXGroup;
			children = (
				CE5B30DD10539DD100B6A834 /* CoreGraphics.framework */,
				CE5B301110539CBC00B6A834 /* AVFoundation.framework */,
				CE5B301310539CBC00B6A834 /* CFNetwork.framework */,
				CE5B301510539CBC00B6A834 /* Foundation.framework */,
				CE5B301710539CBC00B6A834 /* MediaPlayer.framework */,
				CE5B301910539CBC00B6A834 /* UIKit.framework */,
				CE9A6D84105EF74E00E25682 /* AudioToolbox.framework */,
				CECE390810680DD4000EE1F6 /* SystemConfiguration.framework */,
			);
			name = Frameworks;
			sourceTree = "<group>";
		};
		CE38A3740FF6ACEE00E93C29 /* Source */ = {
			isa = PBXGroup;
			children = (
				CED6111A1081F5D7000C41CB /* Misc */,
				CE38A3A20FF6ADEF00E93C29 /* TouchJSON */,
				CE38A3750FF6ACF400E93C29 /* CocoaHTTPServer */,
			);
			name = Source;
			sourceTree = "<group>";
		};
		CE38A3750FF6ACF400E93C29 /* CocoaHTTPServer */ = {
			isa = PBXGroup;
			children = (
				CE38A3780FF6AD1200E93C29 /* AsyncSocket.h */,
				CE38A3790FF6AD1200E93C29 /* AsyncSocket.m */,
				CE38A37A0FF6AD1200E93C29 /* DDData.h */,
				CE38A37B0FF6AD1200E93C29 /* DDData.m */,
				CE38A37C0FF6AD1200E93C29 /* DDNumber.h */,
				CE38A37D0FF6AD1200E93C29 /* DDNumber.m */,
				CE38A37E0FF6AD1200E93C29 /* DDRange.h */,
				CE38A37F0FF6AD1200E93C29 /* DDRange.m */,
				CE38A3800FF6AD1200E93C29 /* HTTPAsyncFileResponse.h */,
				CE38A3810FF6AD1200E93C29 /* HTTPAsyncFileResponse.m */,
				CE38A3820FF6AD1200E93C29 /* HTTPAuthenticationRequest.h */,
				CE38A3830FF6AD1200E93C29 /* HTTPAuthenticationRequest.m */,
				CE38A3840FF6AD1200E93C29 /* HTTPConnection.h */,
				CE38A3850FF6AD1200E93C29 /* HTTPConnection.m */,
				CE38A3860FF6AD1200E93C29 /* HTTPResponse.h */,
				CE38A3870FF6AD1200E93C29 /* HTTPResponse.m */,
				CE38A3880FF6AD1200E93C29 /* HTTPServer.h */,
				CE38A3890FF6AD1200E93C29 /* HTTPServer.m */,
			);
			name = CocoaHTTPServer;
			sourceTree = "<group>";
		};
		CE38A3A20FF6ADEF00E93C29 /* TouchJSON */ = {
			isa = PBXGroup;
			children = (
				CE38A3B00FF6AE3000E93C29 /* Extensions */,
				CE38A3A60FF6AE1000E93C29 /* JSON */,
				CE38A3A30FF6AE0100E93C29 /* CDataScanner.h */,
				CE38A3A40FF6AE0100E93C29 /* CDataScanner.m */,
			);
			name = TouchJSON;
			sourceTree = "<group>";
		};
		CE38A3A60FF6AE1000E93C29 /* JSON */ = {
			isa = PBXGroup;
			children = (
				CE38A3A70FF6AE1000E93C29 /* CJSONDeserializer.h */,
				CE38A3A80FF6AE1100E93C29 /* CJSONDeserializer.m */,
				CE38A3A90FF6AE1100E93C29 /* CJSONScanner.h */,
				CE38A3AA0FF6AE1100E93C29 /* CJSONScanner.m */,
				CE38A3AB0FF6AE1100E93C29 /* CJSONSerializer.h */,
				CE38A3AC0FF6AE1100E93C29 /* CJSONSerializer.m */,
			);
			path = JSON;
			sourceTree = "<group>";
		};
		CE38A3B00FF6AE3000E93C29 /* Extensions */ = {
			isa = PBXGroup;
			children = (
				CE38A3B10FF6AE3000E93C29 /* CDataScanner_Extensions.h */,
				CE38A3B20FF6AE3000E93C29 /* CDataScanner_Extensions.m */,
				CE38A3B30FF6AE3000E93C29 /* NSCharacterSet_Extensions.h */,
				CE38A3B40FF6AE3000E93C29 /* NSCharacterSet_Extensions.m */,
				CE38A3B50FF6AE3000E93C29 /* NSDictionary_JSONExtensions.h */,
				CE38A3B60FF6AE3000E93C29 /* NSDictionary_JSONExtensions.m */,
				CE38A3B70FF6AE3000E93C29 /* NSScanner_Extensions.h */,
				CE38A3B80FF6AE3000E93C29 /* NSScanner_Extensions.m */,
			);
			path = Extensions;
			sourceTree = "<group>";
		};
		CE9A3D57104C6DC90095B470 /* Documents */ = {
			isa = PBXGroup;
			children = (
				CE8C992D1039F8FC00E7E3ED /* DocumentController.h */,
				CE8C992E1039F8FC00E7E3ED /* DocumentController.m */,
				CEECEDAE1019DA1100B3918A /* TapDetectingWebView.h */,
				CEECEDAF1019DA1100B3918A /* TapDetectingWebView.m */,
			);
			name = Documents;
			sourceTree = "<group>";
		};
		CE9A3D58104C6DD70095B470 /* Images */ = {
			isa = PBXGroup;
			children = (
				CE93B065103C862E0069BD35 /* ImageController.h */,
				CE93B066103C862E0069BD35 /* ImageController.m */,
				CE8704C61041C4AB00A18899 /* TapDetectingScrollView.h */,
				CE8704C71041C4AB00A18899 /* TapDetectingScrollView.m */,
				CEA88705102AECB50029ED9F /* TapDetectingImageView.h */,
				CEA88704102AECB50029ED9F /* TapDetectingImageView.m */,
			);
			name = Images;
			sourceTree = "<group>";
		};
		CE9A3D59104C6DF50095B470 /* Videos */ = {
			isa = PBXGroup;
			children = (
				CE8C98A51039E82400E7E3ED /* MovieController.h */,
				CE8C98A61039E82400E7E3ED /* MovieController.m */,
			);
			name = Videos;
			sourceTree = "<group>";
		};
		CEC144E4101D092E000DA2AE /* DetailView */ = {
			isa = PBXGroup;
			children = (
				CE8C98901039E7A800E7E3ED /* FileController.h */,
				CE8C98911039E7A800E7E3ED /* FileController.m */,
				CE9A3D59104C6DF50095B470 /* Videos */,
				CE9A3D58104C6DD70095B470 /* Images */,
				CE9A3D57104C6DC90095B470 /* Documents */,
				CEF88F36105301DB00D415F0 /* Audio */,
			);
			name = DetailView;
			sourceTree = "<group>";
		};
		CEC34E20103594BF008021B0 /* icons */ = {
			isa = PBXGroup;
			children = (
				CEC34E21103594BF008021B0 /* audio.png */,
				CEC34E22103594BF008021B0 /* directory.png */,
				CEC34E23103594BF008021B0 /* document.png */,
				CEC34E24103594BF008021B0 /* image.png */,
				CEC34E25103594BF008021B0 /* unknown.png */,
				CEC34E26103594BF008021B0 /* video.png */,
			);
			path = icons;
			sourceTree = "<group>";
		};
		CED6111A1081F5D7000C41CB /* Misc */ = {
			isa = PBXGroup;
			children = (
				CEAA886910680D1E009EF7B7 /* Reachability.h */,
				CEAA886A10680D1E009EF7B7 /* Reachability.m */,
				CED611251081F5F9000C41CB /* NSArray+CWSortedInsert.h */,
				CED611261081F5F9000C41CB /* NSArray+CWSortedInsert.m */,
			);
			name = Misc;
			sourceTree = "<group>";
		};
		CEECF85B10302C8200469751 /* WWW */ = {
			isa = PBXGroup;
			children = (
				CE2B3B0D0F3CD72B0039B355 /* StorageHTTPConnection.h */,
				CE2B3B0E0F3CD72B0039B355 /* StorageHTTPConnection.m */,
				CE70DA090FFABC0400D606B3 /* AFMultipartParser.h */,
				CEE04E9E0FD9E82E00C32900 /* AFMultipartParser.m */,
			);
			name = WWW;
			sourceTree = "<group>";
		};
		CEF88F36105301DB00D415F0 /* Audio */ = {
			isa = PBXGroup;
			children = (
				CEF88F37105301EE00D415F0 /* AudioController.h */,
				CEF88F38105301EE00D415F0 /* AudioController.m */,
			);
			name = Audio;
			sourceTree = "<group>";
		};
/* End PBXGroup section */

/* Begin PBXNativeTarget section */
		1D6058900D05DD3D006BFB54 /* Humboldt */ = {
			isa = PBXNativeTarget;
			buildConfigurationList = 1D6058960D05DD3E006BFB54 /* Build configuration list for PBXNativeTarget "Humboldt" */;
			buildPhases = (
				1D60588D0D05DD3D006BFB54 /* Resources */,
				1D60588E0D05DD3D006BFB54 /* Sources */,
				1D60588F0D05DD3D006BFB54 /* Frameworks */,
			);
			buildRules = (
			);
			dependencies = (
			);
			name = Humboldt;
			productName = Humboldt;
			productReference = 1D6058910D05DD3D006BFB54 /* airship.app */;
			productType = "com.apple.product-type.application";
		};
/* End PBXNativeTarget section */

/* Begin PBXProject section */
		29B97313FDCFA39411CA2CEA /* Project object */ = {
			isa = PBXProject;
			attributes = {
				ORGANIZATIONNAME = appfactory;
			};
			buildConfigurationList = C01FCF4E08A954540054247B /* Build configuration list for PBXProject "Humboldt" */;
			compatibilityVersion = "Xcode 3.1";
			hasScannedForEncodings = 1;
			mainGroup = 29B97314FDCFA39411CA2CEA /* CustomTemplate */;
			projectDirPath = "";
			projectRoot = "";
			targets = (
				1D6058900D05DD3D006BFB54 /* Humboldt */,
			);
		};
/* End PBXProject section */

/* Begin PBXResourcesBuildPhase section */
		1D60588D0D05DD3D006BFB54 /* Resources */ = {
			isa = PBXResourcesBuildPhase;
			buildActionMask = 2147483647;
			files = (
				28AD733F0D9D9553002E5188 /* MainWindow.xib in Resources */,
				CE8627E910013D400063F8F6 /* wwwroot in Resources */,
				CEC34E27103594BF008021B0 /* audio.png in Resources */,
				CEC34E28103594BF008021B0 /* directory.png in Resources */,
				CEC34E29103594BF008021B0 /* document.png in Resources */,
				CEC34E2A103594BF008021B0 /* image.png in Resources */,
				CEC34E2B103594BF008021B0 /* unknown.png in Resources */,
				CEC34E2C103594BF008021B0 /* video.png in Resources */,
				CEF88F60105311A100D415F0 /* AudioController.xib in Resources */,
				CEB86621106A6A2600D9A47D /* SearchController.xib in Resources */,
			);
			runOnlyForDeploymentPostprocessing = 0;
		};
/* End PBXResourcesBuildPhase section */

/* Begin PBXSourcesBuildPhase section */
		1D60588E0D05DD3D006BFB54 /* Sources */ = {
			isa = PBXSourcesBuildPhase;
			buildActionMask = 2147483647;
			files = (
				1D60589B0D05DD56006BFB54 /* main.m in Sources */,
				1D3623260D0F684500981E51 /* HumboldtAppDelegate.m in Sources */,
				CE2B3B0F0F3CD72B0039B355 /* StorageHTTPConnection.m in Sources */,
				CEE04E9F0FD9E82E00C32900 /* AFMultipartParser.m in Sources */,
				CEF21BB40FF432810042E698 /* DirectoryItem.m in Sources */,
				CE38A38D0FF6AD1200E93C29 /* AsyncSocket.m in Sources */,
				CE38A38E0FF6AD1200E93C29 /* DDData.m in Sources */,
				CE38A38F0FF6AD1200E93C29 /* DDNumber.m in Sources */,
				CE38A3900FF6AD1200E93C29 /* DDRange.m in Sources */,
				CE38A3910FF6AD1200E93C29 /* HTTPAsyncFileResponse.m in Sources */,
				CE38A3920FF6AD1200E93C29 /* HTTPAuthenticationRequest.m in Sources */,
				CE38A3930FF6AD1200E93C29 /* HTTPConnection.m in Sources */,
				CE38A3940FF6AD1200E93C29 /* HTTPResponse.m in Sources */,
				CE38A3950FF6AD1200E93C29 /* HTTPServer.m in Sources */,
				CE38A3A50FF6AE0100E93C29 /* CDataScanner.m in Sources */,
				CE38A3AD0FF6AE1100E93C29 /* CJSONDeserializer.m in Sources */,
				CE38A3AE0FF6AE1100E93C29 /* CJSONScanner.m in Sources */,
				CE38A3AF0FF6AE1100E93C29 /* CJSONSerializer.m in Sources */,
				CE38A3B90FF6AE3000E93C29 /* CDataScanner_Extensions.m in Sources */,
				CE38A3BA0FF6AE3000E93C29 /* NSCharacterSet_Extensions.m in Sources */,
				CE38A3BB0FF6AE3000E93C29 /* NSDictionary_JSONExtensions.m in Sources */,
				CE38A3BC0FF6AE3000E93C29 /* NSScanner_Extensions.m in Sources */,
				CE6C9EED0FF6AFC5009CCC45 /* FolderController.m in Sources */,
				CEECEDB01019DA1100B3918A /* TapDetectingWebView.m in Sources */,
				CEA88706102AECB50029ED9F /* TapDetectingImageView.m in Sources */,
				CE8C98921039E7A800E7E3ED /* FileController.m in Sources */,
				CE8C98A71039E82400E7E3ED /* MovieController.m in Sources */,
				CE8C992F1039F8FC00E7E3ED /* DocumentController.m in Sources */,
				CE93B068103C862E0069BD35 /* ImageController.m in Sources */,
				CE8704C81041C4AB00A18899 /* TapDetectingScrollView.m in Sources */,
				CEF88F3A105301EE00D415F0 /* AudioController.m in Sources */,
				CEAA886B10680D1E009EF7B7 /* Reachability.m in Sources */,
				CE15B29D106D0F1A006F44E0 /* SharingController.m in Sources */,
				CE0FA3791078CAC200ABACCD /* SearchController.m in Sources */,
				CE7A06C5107BC98700CFCCED /* StorageItem.m in Sources */,
				CED611271081F5F9000C41CB /* NSArray+CWSortedInsert.m in Sources */,
				CED6135910826EB9000C41CB /* SearchTableViewController.m in Sources */,
				CED6138C108279AB000C41CB /* FilesTableViewController.m in Sources */,
			);
			runOnlyForDeploymentPostprocessing = 0;
		};
/* End PBXSourcesBuildPhase section */

/* Begin XCBuildConfiguration section */
		1D6058940D05DD3E006BFB54 /* Debug */ = {
			isa = XCBuildConfiguration;
			buildSettings = {
				ADDITIONAL_SDKS = "";
				ALWAYS_SEARCH_USER_PATHS = NO;
				"CODE_SIGN_IDENTITY[sdk=iphoneos*]" = "iPhone Developer: Peter Pistorius (C2PCA64J8V)";
				COPY_PHASE_STRIP = NO;
				FRAMEWORK_SEARCH_PATHS = (
					"$(inherited)",
					"\"$(SRCROOT)\"",
				);
				GCC_DYNAMIC_NO_PIC = NO;
				GCC_OPTIMIZATION_LEVEL = 0;
				GCC_PRECOMPILE_PREFIX_HEADER = YES;
				GCC_PREFIX_HEADER = Humboldt_Prefix.pch;
				INFOPLIST_FILE = Info.plist;
				IPHONEOS_DEPLOYMENT_TARGET = 3.0;
				OTHER_LDFLAGS = "";
				PRODUCT_NAME = airship;
				SDKROOT = iphoneos3.0;
				VALID_ARCHS = "armv7 armv6";
			};
			name = Debug;
		};
		1D6058950D05DD3E006BFB54 /* Release */ = {
			isa = XCBuildConfiguration;
			buildSettings = {
				ALWAYS_SEARCH_USER_PATHS = NO;
				"CODE_SIGN_IDENTITY[sdk=iphoneos*]" = "iPhone Developer: Peter Pistorius";
				COPY_PHASE_STRIP = YES;
				FRAMEWORK_SEARCH_PATHS = (
					"$(inherited)",
					"\"$(SRCROOT)\"",
					"\"$(DEVELOPER_DIR)/Platforms/iPhoneOS.platform/Developer/SDKs/iPhoneOS3.0.sdk/System/Library/Frameworks\"",
					"\"$(DEVELOPER_DIR)/Platforms/iPhoneSimulator.platform/Developer/SDKs/iPhoneSimulator3.0.sdk/System/Library/Frameworks\"",
					"\"$(DEVELOPER_DIR)/Platforms/iPhoneOS.platform/Developer/SDKs/iPhoneOS3.1.sdk/System/Library/Frameworks\"",
				);
				GCC_PRECOMPILE_PREFIX_HEADER = YES;
				GCC_PREFIX_HEADER = Humboldt_Prefix.pch;
				INFOPLIST_FILE = Info.plist;
				PRODUCT_NAME = airship;
				"PROVISIONING_PROFILE[sdk=iphoneos*]" = "D8BE66A0-F9E7-4AE9-86F1-04763611A0B9";
			};
			name = Release;
		};
		C01FCF4F08A954540054247B /* Debug */ = {
			isa = XCBuildConfiguration;
			buildSettings = {
				ARCHS = "$(ARCHS_STANDARD_32_BIT)";
				"CODE_SIGN_IDENTITY[sdk=iphoneos*]" = "iPhone Developer";
				GCC_C_LANGUAGE_STANDARD = c99;
				GCC_WARN_ABOUT_RETURN_TYPE = YES;
				GCC_WARN_UNUSED_VARIABLE = YES;
				IPHONEOS_DEPLOYMENT_TARGET = 3.0;
				ONLY_ACTIVE_ARCH = YES;
				PREBINDING = NO;
				SDKROOT = iphoneos3.0;
			};
			name = Debug;
		};
		C01FCF5008A954540054247B /* Release */ = {
			isa = XCBuildConfiguration;
			buildSettings = {
				ARCHS = "$(ARCHS_STANDARD_32_BIT)";
				"CODE_SIGN_IDENTITY[sdk=iphoneos*]" = "iPhone Developer";
				GCC_C_LANGUAGE_STANDARD = c99;
				GCC_WARN_ABOUT_RETURN_TYPE = YES;
				GCC_WARN_UNUSED_VARIABLE = YES;
				PREBINDING = NO;
				SDKROOT = iphoneos2.2.1;
			};
			name = Release;
		};
/* End XCBuildConfiguration section */

/* Begin XCConfigurationList section */
		1D6058960D05DD3E006BFB54 /* Build configuration list for PBXNativeTarget "Humboldt" */ = {
			isa = XCConfigurationList;
			buildConfigurations = (
				1D6058940D05DD3E006BFB54 /* Debug */,
				1D6058950D05DD3E006BFB54 /* Release */,
			);
			defaultConfigurationIsVisible = 0;
			defaultConfigurationName = Release;
		};
		C01FCF4E08A954540054247B /* Build configuration list for PBXProject "Humboldt" */ = {
			isa = XCConfigurationList;
			buildConfigurations = (
				C01FCF4F08A954540054247B /* Debug */,
				C01FCF5008A954540054247B /* Release */,
			);
			defaultConfigurationIsVisible = 0;
			defaultConfigurationName = Release;
		};
/* End XCConfigurationList section */
	};
	rootObject = 29B97313FDCFA39411CA2CEA /* Project object */;
}
