// !$*UTF8*$!
{
	archiveVersion = 1;
	classes = {
	};
	objectVersion = 45;
	objects = {

/* Begin PBXBuildFile section */
		1D3623260D0F684500981E51 /* HumboldtAppDelegate.m in Sources */ = {isa = PBXBuildFile; fileRef = 1D3623250D0F684500981E51 /* HumboldtAppDelegate.m */; };
		1D60589B0D05DD56006BFB54 /* main.m in Sources */ = {isa = PBXBuildFile; fileRef = 29B97316FDCFA39411CA2CEA /* main.m */; };
		28AD733F0D9D9553002E5188 /* MainWindow.xib in Resources */ = {isa = PBXBuildFile; fileRef = 28AD733E0D9D9553002E5188 /* MainWindow.xib */; };
		CE0056EC10BAF44300F4D6A0 /* SharingTableViewController.m in Sources */ = {isa = PBXBuildFile; fileRef = CE0056EA10BAF44300F4D6A0 /* SharingTableViewController.m */; };
		CE036B23110B7D740019230D /* ui_navigationBar.png in Resources */ = {isa = PBXBuildFile; fileRef = CE036B22110B7D740019230D /* ui_navigationBar.png */; };
		CE036B27110B7DA00019230D /* ui_tableViewCellNotSelectedBackground.png in Resources */ = {isa = PBXBuildFile; fileRef = CE036B26110B7DA00019230D /* ui_tableViewCellNotSelectedBackground.png */; };
		CE036BA0110B82C10019230D /* ui_navigationBarButton.png in Resources */ = {isa = PBXBuildFile; fileRef = CE036B9F110B82C10019230D /* ui_navigationBarButton.png */; };
		CE0F139F10A21080002569B6 /* TapDetectingWebView.m in Sources */ = {isa = PBXBuildFile; fileRef = CE0F139E10A21080002569B6 /* TapDetectingWebView.m */; };
		CE174DE61108D56C0049E556 /* ui_searchBar.png in Resources */ = {isa = PBXBuildFile; fileRef = CE174DE51108D56C0049E556 /* ui_searchBar.png */; };
		CE2B3B0F0F3CD72B0039B355 /* StorageHTTPConnection.m in Sources */ = {isa = PBXBuildFile; fileRef = CE2B3B0E0F3CD72B0039B355 /* StorageHTTPConnection.m */; };
		CE3035D6109BAB1F00A31CCC /* dock_finder.png in Resources */ = {isa = PBXBuildFile; fileRef = CE3035D4109BAB1F00A31CCC /* dock_finder.png */; };
		CE3035D7109BAB1F00A31CCC /* dock_spotlight.png in Resources */ = {isa = PBXBuildFile; fileRef = CE3035D5109BAB1F00A31CCC /* dock_spotlight.png */; };
		CE38120E110CEC3800DF7200 /* ui_fileViewBackground.png in Resources */ = {isa = PBXBuildFile; fileRef = CE38120D110CEC3800DF7200 /* ui_fileViewBackground.png */; };
		CE38A38D0FF6AD1200E93C29 /* AsyncSocket.m in Sources */ = {isa = PBXBuildFile; fileRef = CE38A3790FF6AD1200E93C29 /* AsyncSocket.m */; };
		CE38A38E0FF6AD1200E93C29 /* DDData.m in Sources */ = {isa = PBXBuildFile; fileRef = CE38A37B0FF6AD1200E93C29 /* DDData.m */; };
		CE38A38F0FF6AD1200E93C29 /* DDNumber.m in Sources */ = {isa = PBXBuildFile; fileRef = CE38A37D0FF6AD1200E93C29 /* DDNumber.m */; };
		CE38A3900FF6AD1200E93C29 /* DDRange.m in Sources */ = {isa = PBXBuildFile; fileRef = CE38A37F0FF6AD1200E93C29 /* DDRange.m */; };
		CE38A3910FF6AD1200E93C29 /* HTTPAsyncFileResponse.m in Sources */ = {isa = PBXBuildFile; fileRef = CE38A3810FF6AD1200E93C29 /* HTTPAsyncFileResponse.m */; };
		CE38A3920FF6AD1200E93C29 /* HTTPAuthenticationRequest.m in Sources */ = {isa = PBXBuildFile; fileRef = CE38A3830FF6AD1200E93C29 /* HTTPAuthenticationRequest.m */; };
		CE38A3930FF6AD1200E93C29 /* HTTPConnection.m in Sources */ = {isa = PBXBuildFile; fileRef = CE38A3850FF6AD1200E93C29 /* HTTPConnection.m */; };
		CE38A3940FF6AD1200E93C29 /* HTTPResponse.m in Sources */ = {isa = PBXBuildFile; fileRef = CE38A3870FF6AD1200E93C29 /* HTTPResponse.m */; };
		CE38A3950FF6AD1200E93C29 /* HTTPServer.m in Sources */ = {isa = PBXBuildFile; fileRef = CE38A3890FF6AD1200E93C29 /* HTTPServer.m */; };
		CE38A3A50FF6AE0100E93C29 /* CDataScanner.m in Sources */ = {isa = PBXBuildFile; fileRef = CE38A3A40FF6AE0100E93C29 /* CDataScanner.m */; };
		CE38A3AD0FF6AE1100E93C29 /* CJSONDeserializer.m in Sources */ = {isa = PBXBuildFile; fileRef = CE38A3A80FF6AE1100E93C29 /* CJSONDeserializer.m */; };
		CE38A3AE0FF6AE1100E93C29 /* CJSONScanner.m in Sources */ = {isa = PBXBuildFile; fileRef = CE38A3AA0FF6AE1100E93C29 /* CJSONScanner.m */; };
		CE38A3AF0FF6AE1100E93C29 /* CJSONSerializer.m in Sources */ = {isa = PBXBuildFile; fileRef = CE38A3AC0FF6AE1100E93C29 /* CJSONSerializer.m */; };
		CE38A3B90FF6AE3000E93C29 /* CDataScanner_Extensions.m in Sources */ = {isa = PBXBuildFile; fileRef = CE38A3B20FF6AE3000E93C29 /* CDataScanner_Extensions.m */; };
		CE38A3BA0FF6AE3000E93C29 /* NSCharacterSet_Extensions.m in Sources */ = {isa = PBXBuildFile; fileRef = CE38A3B40FF6AE3000E93C29 /* NSCharacterSet_Extensions.m */; };
		CE38A3BB0FF6AE3000E93C29 /* NSDictionary_JSONExtensions.m in Sources */ = {isa = PBXBuildFile; fileRef = CE38A3B60FF6AE3000E93C29 /* NSDictionary_JSONExtensions.m */; };
		CE38A3BC0FF6AE3000E93C29 /* NSScanner_Extensions.m in Sources */ = {isa = PBXBuildFile; fileRef = CE38A3B80FF6AE3000E93C29 /* NSScanner_Extensions.m */; };
		CE48848210B9B72D003E8631 /* FinderViewController.m in Sources */ = {isa = PBXBuildFile; fileRef = CE48848110B9B72D003E8631 /* FinderViewController.m */; };
		CE48848510B9B733003E8631 /* SpotlightViewController.m in Sources */ = {isa = PBXBuildFile; fileRef = CE48848310B9B733003E8631 /* SpotlightViewController.m */; };
		CE4C686610C142B000D910E7 /* file_kind_0.png in Resources */ = {isa = PBXBuildFile; fileRef = CE4C686010C142B000D910E7 /* file_kind_0.png */; };
		CE4C686710C142B000D910E7 /* file_kind_1.png in Resources */ = {isa = PBXBuildFile; fileRef = CE4C686110C142B000D910E7 /* file_kind_1.png */; };
		CE4C686810C142B000D910E7 /* file_kind_2.png in Resources */ = {isa = PBXBuildFile; fileRef = CE4C686210C142B000D910E7 /* file_kind_2.png */; };
		CE4C686910C142B000D910E7 /* file_kind_3.png in Resources */ = {isa = PBXBuildFile; fileRef = CE4C686310C142B000D910E7 /* file_kind_3.png */; };
		CE4C686A10C142B000D910E7 /* file_kind_4.png in Resources */ = {isa = PBXBuildFile; fileRef = CE4C686410C142B000D910E7 /* file_kind_4.png */; };
		CE4C686B10C142B000D910E7 /* file_kind_5.png in Resources */ = {isa = PBXBuildFile; fileRef = CE4C686510C142B000D910E7 /* file_kind_5.png */; };
		CE530F5810AD8F8B00A16550 /* button_red.png in Resources */ = {isa = PBXBuildFile; fileRef = CE530F5610AD8F8B00A16550 /* button_red.png */; };
		CE530F5910AD8F8B00A16550 /* icon_trash.png in Resources */ = {isa = PBXBuildFile; fileRef = CE530F5710AD8F8B00A16550 /* icon_trash.png */; };
		CE5B301210539CBC00B6A834 /* AVFoundation.framework in Frameworks */ = {isa = PBXBuildFile; fileRef = CE5B301110539CBC00B6A834 /* AVFoundation.framework */; };
		CE5B301410539CBC00B6A834 /* CFNetwork.framework in Frameworks */ = {isa = PBXBuildFile; fileRef = CE5B301310539CBC00B6A834 /* CFNetwork.framework */; };
		CE5B301610539CBC00B6A834 /* Foundation.framework in Frameworks */ = {isa = PBXBuildFile; fileRef = CE5B301510539CBC00B6A834 /* Foundation.framework */; };
		CE5B301810539CBC00B6A834 /* MediaPlayer.framework in Frameworks */ = {isa = PBXBuildFile; fileRef = CE5B301710539CBC00B6A834 /* MediaPlayer.framework */; };
		CE5B301A10539CBC00B6A834 /* UIKit.framework in Frameworks */ = {isa = PBXBuildFile; fileRef = CE5B301910539CBC00B6A834 /* UIKit.framework */; };
		CE5B30DE10539DD100B6A834 /* CoreGraphics.framework in Frameworks */ = {isa = PBXBuildFile; fileRef = CE5B30DD10539DD100B6A834 /* CoreGraphics.framework */; };
		CE74E9B3110BA94A00BE3AED /* ui_navigationBarButtonDone.png in Resources */ = {isa = PBXBuildFile; fileRef = CE74E9B2110BA94A00BE3AED /* ui_navigationBarButtonDone.png */; };
		CE7A06C5107BC98700CFCCED /* File.m in Sources */ = {isa = PBXBuildFile; fileRef = CE7A06C4107BC98700CFCCED /* File.m */; };
		CE8627E910013D400063F8F6 /* wwwroot in Resources */ = {isa = PBXBuildFile; fileRef = CE8627E510013D400063F8F6 /* wwwroot */; };
		CE8CB8D0109CD62A008B3FAE /* TapDetectingScrollView.m in Sources */ = {isa = PBXBuildFile; fileRef = CE8CB8CF109CD62A008B3FAE /* TapDetectingScrollView.m */; };
		CE9A6D85105EF74E00E25682 /* AudioToolbox.framework in Frameworks */ = {isa = PBXBuildFile; fileRef = CE9A6D84105EF74E00E25682 /* AudioToolbox.framework */; };
		CEAA886B10680D1E009EF7B7 /* Reachability.m in Sources */ = {isa = PBXBuildFile; fileRef = CEAA886A10680D1E009EF7B7 /* Reachability.m */; };
		CECE390910680DD4000EE1F6 /* SystemConfiguration.framework in Frameworks */ = {isa = PBXBuildFile; fileRef = CECE390810680DD4000EE1F6 /* SystemConfiguration.framework */; };
		CED4D9FD10BDC0FD00716F62 /* FileVideoView.m in Sources */ = {isa = PBXBuildFile; fileRef = CED4D9FC10BDC0FD00716F62 /* FileVideoView.m */; };
		CED611271081F5F9000C41CB /* NSArray+CWSortedInsert.m in Sources */ = {isa = PBXBuildFile; fileRef = CED611261081F5F9000C41CB /* NSArray+CWSortedInsert.m */; };
		CED77EF8110CA5EC0029273A /* ui_tableViewCellNotSelected.png in Resources */ = {isa = PBXBuildFile; fileRef = CED77EF6110CA5EC0029273A /* ui_tableViewCellNotSelected.png */; };
		CED77EF9110CA5EC0029273A /* ui_tableViewCellSelected.png in Resources */ = {isa = PBXBuildFile; fileRef = CED77EF7110CA5EC0029273A /* ui_tableViewCellSelected.png */; };
		CED77FAC110CB0ED0029273A /* ui_tableViewCellSelectedBackground.png in Resources */ = {isa = PBXBuildFile; fileRef = CED77FAB110CB0ED0029273A /* ui_tableViewCellSelectedBackground.png */; };
		CEE04E9F0FD9E82E00C32900 /* AFMultipartParser.m in Sources */ = {isa = PBXBuildFile; fileRef = CEE04E9E0FD9E82E00C32900 /* AFMultipartParser.m */; };
		CEE4A07610B7219700CEDC3C /* FileDocumentView.m in Sources */ = {isa = PBXBuildFile; fileRef = CEE4A07510B7219700CEDC3C /* FileDocumentView.m */; };
		CEE4A13210B74EFB00CEDC3C /* FileUnknownView.m in Sources */ = {isa = PBXBuildFile; fileRef = CEE4A13110B74EFB00CEDC3C /* FileUnknownView.m */; };
		CEE4A55A10B8516A00CEDC3C /* FileAudioView.mm in Sources */ = {isa = PBXBuildFile; fileRef = CEE4A55910B8516A00CEDC3C /* FileAudioView.mm */; };
		CEE4A6A510B88AB800CEDC3C /* CALevelMeter.mm in Sources */ = {isa = PBXBuildFile; fileRef = CEE4A6A010B88AB800CEDC3C /* CALevelMeter.mm */; };
		CEE4A6A610B88AB800CEDC3C /* GLLevelMeter.m in Sources */ = {isa = PBXBuildFile; fileRef = CEE4A6A210B88AB800CEDC3C /* GLLevelMeter.m */; };
		CEE4A6A710B88AB800CEDC3C /* LevelMeter.m in Sources */ = {isa = PBXBuildFile; fileRef = CEE4A6A410B88AB800CEDC3C /* LevelMeter.m */; };
		CEE4A6BC10B88ACA00CEDC3C /* OpenGLES.framework in Frameworks */ = {isa = PBXBuildFile; fileRef = CEE4A6BB10B88ACA00CEDC3C /* OpenGLES.framework */; };
		CEE4A6DE10B88C2200CEDC3C /* MeterTable.cpp in Sources */ = {isa = PBXBuildFile; fileRef = CEE4A6DC10B88C2200CEDC3C /* MeterTable.cpp */; };
		CEEFAC1A10B49FDC00B8D906 /* FileViewController.m in Sources */ = {isa = PBXBuildFile; fileRef = CEEFAC1810B49FDC00B8D906 /* FileViewController.m */; };
		CEEFAC3010B4A15200B8D906 /* FileImageView.m in Sources */ = {isa = PBXBuildFile; fileRef = CEEFAC2F10B4A15200B8D906 /* FileImageView.m */; };
		CEEFACBB10B4A60800B8D906 /* FileView.m in Sources */ = {isa = PBXBuildFile; fileRef = CEEFACBA10B4A60800B8D906 /* FileView.m */; };
		CEEFAE5B10B5F97C00B8D906 /* QuartzCore.framework in Frameworks */ = {isa = PBXBuildFile; fileRef = CEEFAE5A10B5F97C00B8D906 /* QuartzCore.framework */; };
		CEF212D4110B957B00378C6C /* ui_tableViewFooter.png in Resources */ = {isa = PBXBuildFile; fileRef = CEF212D3110B957B00378C6C /* ui_tableViewFooter.png */; };
		CEF212E3110B975800378C6C /* ui_tableViewBackground.png in Resources */ = {isa = PBXBuildFile; fileRef = CEF212E2110B975800378C6C /* ui_tableViewBackground.png */; };
		CEF212E7110B97C700378C6C /* ui_tableViewHeader.png in Resources */ = {isa = PBXBuildFile; fileRef = CEF212E6110B97C700378C6C /* ui_tableViewHeader.png */; };
/* End PBXBuildFile section */

/* Begin PBXFileReference section */
		1D3623240D0F684500981E51 /* HumboldtAppDelegate.h */ = {isa = PBXFileReference; fileEncoding = 4; lastKnownFileType = sourcecode.c.h; path = HumboldtAppDelegate.h; sourceTree = "<group>"; };
		1D3623250D0F684500981E51 /* HumboldtAppDelegate.m */ = {isa = PBXFileReference; fileEncoding = 4; lastKnownFileType = sourcecode.c.objc; path = HumboldtAppDelegate.m; sourceTree = "<group>"; };
		1D6058910D05DD3D006BFB54 /* airship.app */ = {isa = PBXFileReference; explicitFileType = wrapper.application; includeInIndex = 0; path = airship.app; sourceTree = BUILT_PRODUCTS_DIR; };
		28AD733E0D9D9553002E5188 /* MainWindow.xib */ = {isa = PBXFileReference; lastKnownFileType = file.xib; path = MainWindow.xib; sourceTree = "<group>"; };
		29B97316FDCFA39411CA2CEA /* main.m */ = {isa = PBXFileReference; fileEncoding = 4; lastKnownFileType = sourcecode.c.objc; path = main.m; sourceTree = "<group>"; };
		32CA4F630368D1EE00C91783 /* Humboldt_Prefix.pch */ = {isa = PBXFileReference; fileEncoding = 4; lastKnownFileType = sourcecode.c.h; path = Humboldt_Prefix.pch; sourceTree = "<group>"; };
		8D1107310486CEB800E47090 /* Info.plist */ = {isa = PBXFileReference; fileEncoding = 4; lastKnownFileType = text.plist.xml; path = Info.plist; sourceTree = "<group>"; };
		CE0056EA10BAF44300F4D6A0 /* SharingTableViewController.m */ = {isa = PBXFileReference; fileEncoding = 4; lastKnownFileType = sourcecode.c.objc; path = SharingTableViewController.m; sourceTree = "<group>"; };
		CE0056EB10BAF44300F4D6A0 /* SharingTableViewController.h */ = {isa = PBXFileReference; fileEncoding = 4; lastKnownFileType = sourcecode.c.h; path = SharingTableViewController.h; sourceTree = "<group>"; };
		CE036B22110B7D740019230D /* ui_navigationBar.png */ = {isa = PBXFileReference; lastKnownFileType = image.png; path = ui_navigationBar.png; sourceTree = "<group>"; };
		CE036B26110B7DA00019230D /* ui_tableViewCellNotSelectedBackground.png */ = {isa = PBXFileReference; lastKnownFileType = image.png; path = ui_tableViewCellNotSelectedBackground.png; sourceTree = "<group>"; };
		CE036B9F110B82C10019230D /* ui_navigationBarButton.png */ = {isa = PBXFileReference; lastKnownFileType = image.png; path = ui_navigationBarButton.png; sourceTree = "<group>"; };
		CE0F139D10A21080002569B6 /* TapDetectingWebView.h */ = {isa = PBXFileReference; fileEncoding = 4; lastKnownFileType = sourcecode.c.h; path = TapDetectingWebView.h; sourceTree = "<group>"; };
		CE0F139E10A21080002569B6 /* TapDetectingWebView.m */ = {isa = PBXFileReference; fileEncoding = 4; lastKnownFileType = sourcecode.c.objc; path = TapDetectingWebView.m; sourceTree = "<group>"; };
		CE174DE51108D56C0049E556 /* ui_searchBar.png */ = {isa = PBXFileReference; lastKnownFileType = image.png; path = ui_searchBar.png; sourceTree = "<group>"; };
		CE1F417A109A28AD0067DB73 /* FileViewControllerDelegate.h */ = {isa = PBXFileReference; fileEncoding = 4; lastKnownFileType = sourcecode.c.h; path = FileViewControllerDelegate.h; sourceTree = "<group>"; };
		CE2B3B0D0F3CD72B0039B355 /* StorageHTTPConnection.h */ = {isa = PBXFileReference; fileEncoding = 4; lastKnownFileType = sourcecode.c.h; path = StorageHTTPConnection.h; sourceTree = "<group>"; };
		CE2B3B0E0F3CD72B0039B355 /* StorageHTTPConnection.m */ = {isa = PBXFileReference; fileEncoding = 4; lastKnownFileType = sourcecode.c.objc; path = StorageHTTPConnection.m; sourceTree = "<group>"; };
		CE3035D4109BAB1F00A31CCC /* dock_finder.png */ = {isa = PBXFileReference; lastKnownFileType = image.png; name = dock_finder.png; path = icons/dock_finder.png; sourceTree = "<group>"; };
		CE3035D5109BAB1F00A31CCC /* dock_spotlight.png */ = {isa = PBXFileReference; lastKnownFileType = image.png; name = dock_spotlight.png; path = icons/dock_spotlight.png; sourceTree = "<group>"; };
		CE38120D110CEC3800DF7200 /* ui_fileViewBackground.png */ = {isa = PBXFileReference; lastKnownFileType = image.png; path = ui_fileViewBackground.png; sourceTree = "<group>"; };
		CE38A3780FF6AD1200E93C29 /* AsyncSocket.h */ = {isa = PBXFileReference; fileEncoding = 4; lastKnownFileType = sourcecode.c.h; path = AsyncSocket.h; sourceTree = "<group>"; };
		CE38A3790FF6AD1200E93C29 /* AsyncSocket.m */ = {isa = PBXFileReference; fileEncoding = 4; lastKnownFileType = sourcecode.c.objc; path = AsyncSocket.m; sourceTree = "<group>"; };
		CE38A37A0FF6AD1200E93C29 /* DDData.h */ = {isa = PBXFileReference; fileEncoding = 4; lastKnownFileType = sourcecode.c.h; path = DDData.h; sourceTree = "<group>"; };
		CE38A37B0FF6AD1200E93C29 /* DDData.m */ = {isa = PBXFileReference; fileEncoding = 4; lastKnownFileType = sourcecode.c.objc; path = DDData.m; sourceTree = "<group>"; };
		CE38A37C0FF6AD1200E93C29 /* DDNumber.h */ = {isa = PBXFileReference; fileEncoding = 4; lastKnownFileType = sourcecode.c.h; path = DDNumber.h; sourceTree = "<group>"; };
		CE38A37D0FF6AD1200E93C29 /* DDNumber.m */ = {isa = PBXFileReference; fileEncoding = 4; lastKnownFileType = sourcecode.c.objc; path = DDNumber.m; sourceTree = "<group>"; };
		CE38A37E0FF6AD1200E93C29 /* DDRange.h */ = {isa = PBXFileReference; fileEncoding = 4; lastKnownFileType = sourcecode.c.h; path = DDRange.h; sourceTree = "<group>"; };
		CE38A37F0FF6AD1200E93C29 /* DDRange.m */ = {isa = PBXFileReference; fileEncoding = 4; lastKnownFileType = sourcecode.c.objc; path = DDRange.m; sourceTree = "<group>"; };
		CE38A3800FF6AD1200E93C29 /* HTTPAsyncFileResponse.h */ = {isa = PBXFileReference; fileEncoding = 4; lastKnownFileType = sourcecode.c.h; path = HTTPAsyncFileResponse.h; sourceTree = "<group>"; };
		CE38A3810FF6AD1200E93C29 /* HTTPAsyncFileResponse.m */ = {isa = PBXFileReference; fileEncoding = 4; lastKnownFileType = sourcecode.c.objc; path = HTTPAsyncFileResponse.m; sourceTree = "<group>"; };
		CE38A3820FF6AD1200E93C29 /* HTTPAuthenticationRequest.h */ = {isa = PBXFileReference; fileEncoding = 4; lastKnownFileType = sourcecode.c.h; path = HTTPAuthenticationRequest.h; sourceTree = "<group>"; };
		CE38A3830FF6AD1200E93C29 /* HTTPAuthenticationRequest.m */ = {isa = PBXFileReference; fileEncoding = 4; lastKnownFileType = sourcecode.c.objc; path = HTTPAuthenticationRequest.m; sourceTree = "<group>"; };
		CE38A3840FF6AD1200E93C29 /* HTTPConnection.h */ = {isa = PBXFileReference; fileEncoding = 4; lastKnownFileType = sourcecode.c.h; path = HTTPConnection.h; sourceTree = "<group>"; };
		CE38A3850FF6AD1200E93C29 /* HTTPConnection.m */ = {isa = PBXFileReference; fileEncoding = 4; lastKnownFileType = sourcecode.c.objc; path = HTTPConnection.m; sourceTree = "<group>"; };
		CE38A3860FF6AD1200E93C29 /* HTTPResponse.h */ = {isa = PBXFileReference; fileEncoding = 4; lastKnownFileType = sourcecode.c.h; path = HTTPResponse.h; sourceTree = "<group>"; };
		CE38A3870FF6AD1200E93C29 /* HTTPResponse.m */ = {isa = PBXFileReference; fileEncoding = 4; lastKnownFileType = sourcecode.c.objc; path = HTTPResponse.m; sourceTree = "<group>"; };
		CE38A3880FF6AD1200E93C29 /* HTTPServer.h */ = {isa = PBXFileReference; fileEncoding = 4; lastKnownFileType = sourcecode.c.h; path = HTTPServer.h; sourceTree = "<group>"; };
		CE38A3890FF6AD1200E93C29 /* HTTPServer.m */ = {isa = PBXFileReference; fileEncoding = 4; lastKnownFileType = sourcecode.c.objc; path = HTTPServer.m; sourceTree = "<group>"; };
		CE38A3A30FF6AE0100E93C29 /* CDataScanner.h */ = {isa = PBXFileReference; fileEncoding = 4; lastKnownFileType = sourcecode.c.h; path = CDataScanner.h; sourceTree = "<group>"; };
		CE38A3A40FF6AE0100E93C29 /* CDataScanner.m */ = {isa = PBXFileReference; fileEncoding = 4; lastKnownFileType = sourcecode.c.objc; path = CDataScanner.m; sourceTree = "<group>"; };
		CE38A3A70FF6AE1000E93C29 /* CJSONDeserializer.h */ = {isa = PBXFileReference; fileEncoding = 4; lastKnownFileType = sourcecode.c.h; path = CJSONDeserializer.h; sourceTree = "<group>"; };
		CE38A3A80FF6AE1100E93C29 /* CJSONDeserializer.m */ = {isa = PBXFileReference; fileEncoding = 4; lastKnownFileType = sourcecode.c.objc; path = CJSONDeserializer.m; sourceTree = "<group>"; };
		CE38A3A90FF6AE1100E93C29 /* CJSONScanner.h */ = {isa = PBXFileReference; fileEncoding = 4; lastKnownFileType = sourcecode.c.h; path = CJSONScanner.h; sourceTree = "<group>"; };
		CE38A3AA0FF6AE1100E93C29 /* CJSONScanner.m */ = {isa = PBXFileReference; fileEncoding = 4; lastKnownFileType = sourcecode.c.objc; path = CJSONScanner.m; sourceTree = "<group>"; };
		CE38A3AB0FF6AE1100E93C29 /* CJSONSerializer.h */ = {isa = PBXFileReference; fileEncoding = 4; lastKnownFileType = sourcecode.c.h; path = CJSONSerializer.h; sourceTree = "<group>"; };
		CE38A3AC0FF6AE1100E93C29 /* CJSONSerializer.m */ = {isa = PBXFileReference; fileEncoding = 4; lastKnownFileType = sourcecode.c.objc; path = CJSONSerializer.m; sourceTree = "<group>"; };
		CE38A3B10FF6AE3000E93C29 /* CDataScanner_Extensions.h */ = {isa = PBXFileReference; fileEncoding = 4; lastKnownFileType = sourcecode.c.h; path = CDataScanner_Extensions.h; sourceTree = "<group>"; };
		CE38A3B20FF6AE3000E93C29 /* CDataScanner_Extensions.m */ = {isa = PBXFileReference; fileEncoding = 4; lastKnownFileType = sourcecode.c.objc; path = CDataScanner_Extensions.m; sourceTree = "<group>"; };
		CE38A3B30FF6AE3000E93C29 /* NSCharacterSet_Extensions.h */ = {isa = PBXFileReference; fileEncoding = 4; lastKnownFileType = sourcecode.c.h; path = NSCharacterSet_Extensions.h; sourceTree = "<group>"; };
		CE38A3B40FF6AE3000E93C29 /* NSCharacterSet_Extensions.m */ = {isa = PBXFileReference; fileEncoding = 4; lastKnownFileType = sourcecode.c.objc; path = NSCharacterSet_Extensions.m; sourceTree = "<group>"; };
		CE38A3B50FF6AE3000E93C29 /* NSDictionary_JSONExtensions.h */ = {isa = PBXFileReference; fileEncoding = 4; lastKnownFileType = sourcecode.c.h; path = NSDictionary_JSONExtensions.h; sourceTree = "<group>"; };
		CE38A3B60FF6AE3000E93C29 /* NSDictionary_JSONExtensions.m */ = {isa = PBXFileReference; fileEncoding = 4; lastKnownFileType = sourcecode.c.objc; path = NSDictionary_JSONExtensions.m; sourceTree = "<group>"; };
		CE38A3B70FF6AE3000E93C29 /* NSScanner_Extensions.h */ = {isa = PBXFileReference; fileEncoding = 4; lastKnownFileType = sourcecode.c.h; path = NSScanner_Extensions.h; sourceTree = "<group>"; };
		CE38A3B80FF6AE3000E93C29 /* NSScanner_Extensions.m */ = {isa = PBXFileReference; fileEncoding = 4; lastKnownFileType = sourcecode.c.objc; path = NSScanner_Extensions.m; sourceTree = "<group>"; };
		CE48848010B9B72D003E8631 /* FinderViewController.h */ = {isa = PBXFileReference; fileEncoding = 4; lastKnownFileType = sourcecode.c.h; path = FinderViewController.h; sourceTree = "<group>"; };
		CE48848110B9B72D003E8631 /* FinderViewController.m */ = {isa = PBXFileReference; fileEncoding = 4; lastKnownFileType = sourcecode.c.objc; path = FinderViewController.m; sourceTree = "<group>"; };
		CE48848310B9B733003E8631 /* SpotlightViewController.m */ = {isa = PBXFileReference; fileEncoding = 4; lastKnownFileType = sourcecode.c.objc; path = SpotlightViewController.m; sourceTree = "<group>"; };
		CE48848410B9B733003E8631 /* SpotlightViewController.h */ = {isa = PBXFileReference; fileEncoding = 4; lastKnownFileType = sourcecode.c.h; path = SpotlightViewController.h; sourceTree = "<group>"; };
		CE4C686010C142B000D910E7 /* file_kind_0.png */ = {isa = PBXFileReference; lastKnownFileType = image.png; path = file_kind_0.png; sourceTree = "<group>"; };
		CE4C686110C142B000D910E7 /* file_kind_1.png */ = {isa = PBXFileReference; lastKnownFileType = image.png; path = file_kind_1.png; sourceTree = "<group>"; };
		CE4C686210C142B000D910E7 /* file_kind_2.png */ = {isa = PBXFileReference; lastKnownFileType = image.png; path = file_kind_2.png; sourceTree = "<group>"; };
		CE4C686310C142B000D910E7 /* file_kind_3.png */ = {isa = PBXFileReference; lastKnownFileType = image.png; path = file_kind_3.png; sourceTree = "<group>"; };
		CE4C686410C142B000D910E7 /* file_kind_4.png */ = {isa = PBXFileReference; lastKnownFileType = image.png; path = file_kind_4.png; sourceTree = "<group>"; };
		CE4C686510C142B000D910E7 /* file_kind_5.png */ = {isa = PBXFileReference; lastKnownFileType = image.png; path = file_kind_5.png; sourceTree = "<group>"; };
		CE530F5610AD8F8B00A16550 /* button_red.png */ = {isa = PBXFileReference; lastKnownFileType = image.png; path = button_red.png; sourceTree = "<group>"; };
		CE530F5710AD8F8B00A16550 /* icon_trash.png */ = {isa = PBXFileReference; lastKnownFileType = image.png; path = icon_trash.png; sourceTree = "<group>"; };
		CE5B301110539CBC00B6A834 /* AVFoundation.framework */ = {isa = PBXFileReference; lastKnownFileType = wrapper.framework; name = AVFoundation.framework; path = /Developer/Platforms/iPhoneOS.platform/Developer/SDKs/iPhoneOS3.1.sdk/System/Library/Frameworks/AVFoundation.framework; sourceTree = "<absolute>"; };
		CE5B301310539CBC00B6A834 /* CFNetwork.framework */ = {isa = PBXFileReference; lastKnownFileType = wrapper.framework; name = CFNetwork.framework; path = /Developer/Platforms/iPhoneOS.platform/Developer/SDKs/iPhoneOS3.1.sdk/System/Library/Frameworks/CFNetwork.framework; sourceTree = "<absolute>"; };
		CE5B301510539CBC00B6A834 /* Foundation.framework */ = {isa = PBXFileReference; lastKnownFileType = wrapper.framework; name = Foundation.framework; path = /Developer/Platforms/iPhoneOS.platform/Developer/SDKs/iPhoneOS3.1.sdk/System/Library/Frameworks/Foundation.framework; sourceTree = "<absolute>"; };
		CE5B301710539CBC00B6A834 /* MediaPlayer.framework */ = {isa = PBXFileReference; lastKnownFileType = wrapper.framework; name = MediaPlayer.framework; path = /Developer/Platforms/iPhoneOS.platform/Developer/SDKs/iPhoneOS3.1.sdk/System/Library/Frameworks/MediaPlayer.framework; sourceTree = "<absolute>"; };
		CE5B301910539CBC00B6A834 /* UIKit.framework */ = {isa = PBXFileReference; lastKnownFileType = wrapper.framework; name = UIKit.framework; path = /Developer/Platforms/iPhoneOS.platform/Developer/SDKs/iPhoneOS3.1.sdk/System/Library/Frameworks/UIKit.framework; sourceTree = "<absolute>"; };
		CE5B30DD10539DD100B6A834 /* CoreGraphics.framework */ = {isa = PBXFileReference; lastKnownFileType = wrapper.framework; name = CoreGraphics.framework; path = Platforms/iPhoneOS.platform/Developer/SDKs/iPhoneOS3.1.sdk/System/Library/Frameworks/CoreGraphics.framework; sourceTree = DEVELOPER_DIR; };
		CE70DA090FFABC0400D606B3 /* AFMultipartParser.h */ = {isa = PBXFileReference; fileEncoding = 4; lastKnownFileType = sourcecode.c.h; path = AFMultipartParser.h; sourceTree = "<group>"; };
		CE74E9B2110BA94A00BE3AED /* ui_navigationBarButtonDone.png */ = {isa = PBXFileReference; lastKnownFileType = image.png; path = ui_navigationBarButtonDone.png; sourceTree = "<group>"; };
		CE7A06C3107BC98700CFCCED /* File.h */ = {isa = PBXFileReference; fileEncoding = 4; lastKnownFileType = sourcecode.c.h; path = File.h; sourceTree = "<group>"; };
		CE7A06C4107BC98700CFCCED /* File.m */ = {isa = PBXFileReference; fileEncoding = 4; lastKnownFileType = sourcecode.c.objc; path = File.m; sourceTree = "<group>"; };
		CE8627E510013D400063F8F6 /* wwwroot */ = {isa = PBXFileReference; lastKnownFileType = folder; path = wwwroot; sourceTree = "<group>"; };
		CE8CB8CE109CD62A008B3FAE /* TapDetectingScrollView.h */ = {isa = PBXFileReference; fileEncoding = 4; lastKnownFileType = sourcecode.c.h; path = TapDetectingScrollView.h; sourceTree = "<group>"; };
		CE8CB8CF109CD62A008B3FAE /* TapDetectingScrollView.m */ = {isa = PBXFileReference; fileEncoding = 4; lastKnownFileType = sourcecode.c.objc; path = TapDetectingScrollView.m; sourceTree = "<group>"; };
		CE9A6D84105EF74E00E25682 /* AudioToolbox.framework */ = {isa = PBXFileReference; lastKnownFileType = wrapper.framework; name = AudioToolbox.framework; path = System/Library/Frameworks/AudioToolbox.framework; sourceTree = SDKROOT; };
		CEAA886910680D1E009EF7B7 /* Reachability.h */ = {isa = PBXFileReference; fileEncoding = 4; lastKnownFileType = sourcecode.c.h; path = Reachability.h; sourceTree = "<group>"; };
		CEAA886A10680D1E009EF7B7 /* Reachability.m */ = {isa = PBXFileReference; fileEncoding = 4; lastKnownFileType = sourcecode.c.objc; path = Reachability.m; sourceTree = "<group>"; };
		CECE390810680DD4000EE1F6 /* SystemConfiguration.framework */ = {isa = PBXFileReference; lastKnownFileType = wrapper.framework; name = SystemConfiguration.framework; path = System/Library/Frameworks/SystemConfiguration.framework; sourceTree = SDKROOT; };
		CED4D9FB10BDC0FD00716F62 /* FileVideoView.h */ = {isa = PBXFileReference; fileEncoding = 4; lastKnownFileType = sourcecode.c.h; path = FileVideoView.h; sourceTree = "<group>"; };
		CED4D9FC10BDC0FD00716F62 /* FileVideoView.m */ = {isa = PBXFileReference; fileEncoding = 4; lastKnownFileType = sourcecode.c.objc; path = FileVideoView.m; sourceTree = "<group>"; };
		CED611251081F5F9000C41CB /* NSArray+CWSortedInsert.h */ = {isa = PBXFileReference; fileEncoding = 4; lastKnownFileType = sourcecode.c.h; path = "NSArray+CWSortedInsert.h"; sourceTree = "<group>"; };
		CED611261081F5F9000C41CB /* NSArray+CWSortedInsert.m */ = {isa = PBXFileReference; fileEncoding = 4; lastKnownFileType = sourcecode.c.objc; path = "NSArray+CWSortedInsert.m"; sourceTree = "<group>"; };
		CED77EF6110CA5EC0029273A /* ui_tableViewCellNotSelected.png */ = {isa = PBXFileReference; lastKnownFileType = image.png; path = ui_tableViewCellNotSelected.png; sourceTree = "<group>"; };
		CED77EF7110CA5EC0029273A /* ui_tableViewCellSelected.png */ = {isa = PBXFileReference; lastKnownFileType = image.png; path = ui_tableViewCellSelected.png; sourceTree = "<group>"; };
		CED77FAB110CB0ED0029273A /* ui_tableViewCellSelectedBackground.png */ = {isa = PBXFileReference; lastKnownFileType = image.png; path = ui_tableViewCellSelectedBackground.png; sourceTree = "<group>"; };
		CEE04E9E0FD9E82E00C32900 /* AFMultipartParser.m */ = {isa = PBXFileReference; fileEncoding = 4; lastKnownFileType = sourcecode.c.objc; path = AFMultipartParser.m; sourceTree = "<group>"; };
		CEE4A07410B7219700CEDC3C /* FileDocumentView.h */ = {isa = PBXFileReference; fileEncoding = 4; lastKnownFileType = sourcecode.c.h; path = FileDocumentView.h; sourceTree = "<group>"; };
		CEE4A07510B7219700CEDC3C /* FileDocumentView.m */ = {isa = PBXFileReference; fileEncoding = 4; lastKnownFileType = sourcecode.c.objc; path = FileDocumentView.m; sourceTree = "<group>"; };
		CEE4A13010B74EFB00CEDC3C /* FileUnknownView.h */ = {isa = PBXFileReference; fileEncoding = 4; lastKnownFileType = sourcecode.c.h; path = FileUnknownView.h; sourceTree = "<group>"; };
		CEE4A13110B74EFB00CEDC3C /* FileUnknownView.m */ = {isa = PBXFileReference; fileEncoding = 4; lastKnownFileType = sourcecode.c.objc; path = FileUnknownView.m; sourceTree = "<group>"; };
		CEE4A55810B8516A00CEDC3C /* FileAudioView.h */ = {isa = PBXFileReference; fileEncoding = 4; lastKnownFileType = sourcecode.c.h; path = FileAudioView.h; sourceTree = "<group>"; };
		CEE4A55910B8516A00CEDC3C /* FileAudioView.mm */ = {isa = PBXFileReference; fileEncoding = 4; lastKnownFileType = sourcecode.cpp.objcpp; path = FileAudioView.mm; sourceTree = "<group>"; };
		CEE4A69F10B88AB800CEDC3C /* CALevelMeter.h */ = {isa = PBXFileReference; fileEncoding = 4; lastKnownFileType = sourcecode.c.h; path = CALevelMeter.h; sourceTree = "<group>"; };
		CEE4A6A010B88AB800CEDC3C /* CALevelMeter.mm */ = {isa = PBXFileReference; fileEncoding = 4; lastKnownFileType = sourcecode.cpp.objcpp; path = CALevelMeter.mm; sourceTree = "<group>"; };
		CEE4A6A110B88AB800CEDC3C /* GLLevelMeter.h */ = {isa = PBXFileReference; fileEncoding = 4; lastKnownFileType = sourcecode.c.h; path = GLLevelMeter.h; sourceTree = "<group>"; };
		CEE4A6A210B88AB800CEDC3C /* GLLevelMeter.m */ = {isa = PBXFileReference; fileEncoding = 4; lastKnownFileType = sourcecode.c.objc; path = GLLevelMeter.m; sourceTree = "<group>"; };
		CEE4A6A310B88AB800CEDC3C /* LevelMeter.h */ = {isa = PBXFileReference; fileEncoding = 4; lastKnownFileType = sourcecode.c.h; path = LevelMeter.h; sourceTree = "<group>"; };
		CEE4A6A410B88AB800CEDC3C /* LevelMeter.m */ = {isa = PBXFileReference; fileEncoding = 4; lastKnownFileType = sourcecode.c.objc; path = LevelMeter.m; sourceTree = "<group>"; };
		CEE4A6BB10B88ACA00CEDC3C /* OpenGLES.framework */ = {isa = PBXFileReference; lastKnownFileType = wrapper.framework; name = OpenGLES.framework; path = System/Library/Frameworks/OpenGLES.framework; sourceTree = SDKROOT; };
		CEE4A6DC10B88C2200CEDC3C /* MeterTable.cpp */ = {isa = PBXFileReference; fileEncoding = 4; lastKnownFileType = sourcecode.cpp.cpp; name = MeterTable.cpp; path = ../MeterTable.cpp; sourceTree = "<group>"; };
		CEE4A6DD10B88C2200CEDC3C /* MeterTable.h */ = {isa = PBXFileReference; explicitFileType = sourcecode.c.h; fileEncoding = 4; name = MeterTable.h; path = ../MeterTable.h; sourceTree = "<group>"; };
		CEEFAC1810B49FDC00B8D906 /* FileViewController.m */ = {isa = PBXFileReference; fileEncoding = 4; lastKnownFileType = sourcecode.c.objc; path = FileViewController.m; sourceTree = "<group>"; };
		CEEFAC1910B49FDC00B8D906 /* FileViewController.h */ = {isa = PBXFileReference; fileEncoding = 4; lastKnownFileType = sourcecode.c.h; path = FileViewController.h; sourceTree = "<group>"; };
		CEEFAC2E10B4A15200B8D906 /* FileImageView.h */ = {isa = PBXFileReference; fileEncoding = 4; lastKnownFileType = sourcecode.c.h; path = FileImageView.h; sourceTree = "<group>"; };
		CEEFAC2F10B4A15200B8D906 /* FileImageView.m */ = {isa = PBXFileReference; fileEncoding = 4; lastKnownFileType = sourcecode.c.objc; path = FileImageView.m; sourceTree = "<group>"; };
		CEEFACB910B4A60800B8D906 /* FileView.h */ = {isa = PBXFileReference; fileEncoding = 4; lastKnownFileType = sourcecode.c.h; path = FileView.h; sourceTree = "<group>"; };
		CEEFACBA10B4A60800B8D906 /* FileView.m */ = {isa = PBXFileReference; fileEncoding = 4; lastKnownFileType = sourcecode.c.objc; path = FileView.m; sourceTree = "<group>"; };
		CEEFAE5A10B5F97C00B8D906 /* QuartzCore.framework */ = {isa = PBXFileReference; lastKnownFileType = wrapper.framework; name = QuartzCore.framework; path = System/Library/Frameworks/QuartzCore.framework; sourceTree = SDKROOT; };
		CEF212D3110B957B00378C6C /* ui_tableViewFooter.png */ = {isa = PBXFileReference; lastKnownFileType = image.png; path = ui_tableViewFooter.png; sourceTree = "<group>"; };
		CEF212E2110B975800378C6C /* ui_tableViewBackground.png */ = {isa = PBXFileReference; lastKnownFileType = image.png; path = ui_tableViewBackground.png; sourceTree = "<group>"; };
		CEF212E6110B97C700378C6C /* ui_tableViewHeader.png */ = {isa = PBXFileReference; lastKnownFileType = image.png; path = ui_tableViewHeader.png; sourceTree = "<group>"; };
/* End PBXFileReference section */

/* Begin PBXFrameworksBuildPhase section */
		1D60588F0D05DD3D006BFB54 /* Frameworks */ = {
			isa = PBXFrameworksBuildPhase;
			buildActionMask = 2147483647;
			files = (
				CE5B301210539CBC00B6A834 /* AVFoundation.framework in Frameworks */,
				CE5B301410539CBC00B6A834 /* CFNetwork.framework in Frameworks */,
				CE5B301610539CBC00B6A834 /* Foundation.framework in Frameworks */,
				CE5B301810539CBC00B6A834 /* MediaPlayer.framework in Frameworks */,
				CE5B301A10539CBC00B6A834 /* UIKit.framework in Frameworks */,
				CE5B30DE10539DD100B6A834 /* CoreGraphics.framework in Frameworks */,
				CE9A6D85105EF74E00E25682 /* AudioToolbox.framework in Frameworks */,
				CECE390910680DD4000EE1F6 /* SystemConfiguration.framework in Frameworks */,
				CEEFAE5B10B5F97C00B8D906 /* QuartzCore.framework in Frameworks */,
				CEE4A6BC10B88ACA00CEDC3C /* OpenGLES.framework in Frameworks */,
			);
			runOnlyForDeploymentPostprocessing = 0;
		};
/* End PBXFrameworksBuildPhase section */

/* Begin PBXGroup section */
		080E96DDFE201D6D7F000001 /* Classes */ = {
			isa = PBXGroup;
			children = (
				CEE2A69D109B4BAC002D99A2 /* File View + Support */,
				CEECF85B10302C8200469751 /* HTTP */,
				CE7A06C3107BC98700CFCCED /* File.h */,
				CE7A06C4107BC98700CFCCED /* File.m */,
				1D3623240D0F684500981E51 /* HumboldtAppDelegate.h */,
				1D3623250D0F684500981E51 /* HumboldtAppDelegate.m */,
				CE48848010B9B72D003E8631 /* FinderViewController.h */,
				CE48848110B9B72D003E8631 /* FinderViewController.m */,
				CE48848410B9B733003E8631 /* SpotlightViewController.h */,
				CE48848310B9B733003E8631 /* SpotlightViewController.m */,
				CE0056EB10BAF44300F4D6A0 /* SharingTableViewController.h */,
				CE0056EA10BAF44300F4D6A0 /* SharingTableViewController.m */,
			);
			path = Classes;
			sourceTree = "<group>";
		};
		19C28FACFE9D520D11CA2CBB /* Products */ = {
			isa = PBXGroup;
			children = (
				1D6058910D05DD3D006BFB54 /* airship.app */,
			);
			name = Products;
			sourceTree = "<group>";
		};
		29B97314FDCFA39411CA2CEA /* CustomTemplate */ = {
			isa = PBXGroup;
			children = (
				CE38A3740FF6ACEE00E93C29 /* Source */,
				080E96DDFE201D6D7F000001 /* Classes */,
				29B97315FDCFA39411CA2CEA /* Other Sources */,
				29B97317FDCFA39411CA2CEA /* Resources */,
				29B97323FDCFA39411CA2CEA /* Frameworks */,
				19C28FACFE9D520D11CA2CBB /* Products */,
			);
			name = CustomTemplate;
			sourceTree = "<group>";
		};
		29B97315FDCFA39411CA2CEA /* Other Sources */ = {
			isa = PBXGroup;
			children = (
				32CA4F630368D1EE00C91783 /* Humboldt_Prefix.pch */,
				29B97316FDCFA39411CA2CEA /* main.m */,
			);
			name = "Other Sources";
			sourceTree = "<group>";
		};
		29B97317FDCFA39411CA2CEA /* Resources */ = {
			isa = PBXGroup;
			children = (
				CE530F5410AD8F7A00A16550 /* UI */,
				CE8627E510013D400063F8F6 /* wwwroot */,
				28AD733E0D9D9553002E5188 /* MainWindow.xib */,
				8D1107310486CEB800E47090 /* Info.plist */,
			);
			name = Resources;
			sourceTree = "<group>";
		};
		29B97323FDCFA39411CA2CEA /* Frameworks */ = {
			isa = PBXGroup;
			children = (
				CEEFAE5A10B5F97C00B8D906 /* QuartzCore.framework */,
				CE5B30DD10539DD100B6A834 /* CoreGraphics.framework */,
				CE5B301110539CBC00B6A834 /* AVFoundation.framework */,
				CE5B301310539CBC00B6A834 /* CFNetwork.framework */,
				CE5B301510539CBC00B6A834 /* Foundation.framework */,
				CE5B301710539CBC00B6A834 /* MediaPlayer.framework */,
				CE5B301910539CBC00B6A834 /* UIKit.framework */,
				CE9A6D84105EF74E00E25682 /* AudioToolbox.framework */,
				CECE390810680DD4000EE1F6 /* SystemConfiguration.framework */,
				CEE4A6BB10B88ACA00CEDC3C /* OpenGLES.framework */,
			);
			name = Frameworks;
			sourceTree = "<group>";
		};
		CE38A3740FF6ACEE00E93C29 /* Source */ = {
			isa = PBXGroup;
			children = (
				CED6111A1081F5D7000C41CB /* Misc */,
				CE38A3A20FF6ADEF00E93C29 /* TouchJSON */,
				CE38A3750FF6ACF400E93C29 /* CocoaHTTPServer */,
			);
			name = Source;
			sourceTree = "<group>";
		};
		CE38A3750FF6ACF400E93C29 /* CocoaHTTPServer */ = {
			isa = PBXGroup;
			children = (
				CE38A3780FF6AD1200E93C29 /* AsyncSocket.h */,
				CE38A3790FF6AD1200E93C29 /* AsyncSocket.m */,
				CE38A37A0FF6AD1200E93C29 /* DDData.h */,
				CE38A37B0FF6AD1200E93C29 /* DDData.m */,
				CE38A37C0FF6AD1200E93C29 /* DDNumber.h */,
				CE38A37D0FF6AD1200E93C29 /* DDNumber.m */,
				CE38A37E0FF6AD1200E93C29 /* DDRange.h */,
				CE38A37F0FF6AD1200E93C29 /* DDRange.m */,
				CE38A3800FF6AD1200E93C29 /* HTTPAsyncFileResponse.h */,
				CE38A3810FF6AD1200E93C29 /* HTTPAsyncFileResponse.m */,
				CE38A3820FF6AD1200E93C29 /* HTTPAuthenticationRequest.h */,
				CE38A3830FF6AD1200E93C29 /* HTTPAuthenticationRequest.m */,
				CE38A3840FF6AD1200E93C29 /* HTTPConnection.h */,
				CE38A3850FF6AD1200E93C29 /* HTTPConnection.m */,
				CE38A3860FF6AD1200E93C29 /* HTTPResponse.h */,
				CE38A3870FF6AD1200E93C29 /* HTTPResponse.m */,
				CE38A3880FF6AD1200E93C29 /* HTTPServer.h */,
				CE38A3890FF6AD1200E93C29 /* HTTPServer.m */,
			);
			name = CocoaHTTPServer;
			sourceTree = "<group>";
		};
		CE38A3A20FF6ADEF00E93C29 /* TouchJSON */ = {
			isa = PBXGroup;
			children = (
				CE38A3B00FF6AE3000E93C29 /* Extensions */,
				CE38A3A60FF6AE1000E93C29 /* JSON */,
				CE38A3A30FF6AE0100E93C29 /* CDataScanner.h */,
				CE38A3A40FF6AE0100E93C29 /* CDataScanner.m */,
			);
			name = TouchJSON;
			sourceTree = "<group>";
		};
		CE38A3A60FF6AE1000E93C29 /* JSON */ = {
			isa = PBXGroup;
			children = (
				CE38A3A70FF6AE1000E93C29 /* CJSONDeserializer.h */,
				CE38A3A80FF6AE1100E93C29 /* CJSONDeserializer.m */,
				CE38A3A90FF6AE1100E93C29 /* CJSONScanner.h */,
				CE38A3AA0FF6AE1100E93C29 /* CJSONScanner.m */,
				CE38A3AB0FF6AE1100E93C29 /* CJSONSerializer.h */,
				CE38A3AC0FF6AE1100E93C29 /* CJSONSerializer.m */,
			);
			path = JSON;
			sourceTree = "<group>";
		};
		CE38A3B00FF6AE3000E93C29 /* Extensions */ = {
			isa = PBXGroup;
			children = (
				CE38A3B10FF6AE3000E93C29 /* CDataScanner_Extensions.h */,
				CE38A3B20FF6AE3000E93C29 /* CDataScanner_Extensions.m */,
				CE38A3B30FF6AE3000E93C29 /* NSCharacterSet_Extensions.h */,
				CE38A3B40FF6AE3000E93C29 /* NSCharacterSet_Extensions.m */,
				CE38A3B50FF6AE3000E93C29 /* NSDictionary_JSONExtensions.h */,
				CE38A3B60FF6AE3000E93C29 /* NSDictionary_JSONExtensions.m */,
				CE38A3B70FF6AE3000E93C29 /* NSScanner_Extensions.h */,
				CE38A3B80FF6AE3000E93C29 /* NSScanner_Extensions.m */,
			);
			path = Extensions;
			sourceTree = "<group>";
		};
		CE530F5410AD8F7A00A16550 /* UI */ = {
			isa = PBXGroup;
			children = (
				CED77FBF110CB3BF0029273A /* FileViews */,
				CED77FBE110CB3AA0029273A /* TableViews */,
				CE3035D4109BAB1F00A31CCC /* dock_finder.png */,
				CE3035D5109BAB1F00A31CCC /* dock_spotlight.png */,
				CE530F5610AD8F8B00A16550 /* button_red.png */,
				CE530F5710AD8F8B00A16550 /* icon_trash.png */,
				CEC34E20103594BF008021B0 /* icons */,
			);
			name = UI;
			sourceTree = "<group>";
		};
		CEC34E20103594BF008021B0 /* icons */ = {
			isa = PBXGroup;
			children = (
				CE4C686010C142B000D910E7 /* file_kind_0.png */,
				CE4C686110C142B000D910E7 /* file_kind_1.png */,
				CE4C686210C142B000D910E7 /* file_kind_2.png */,
				CE4C686310C142B000D910E7 /* file_kind_3.png */,
				CE4C686410C142B000D910E7 /* file_kind_4.png */,
				CE4C686510C142B000D910E7 /* file_kind_5.png */,
			);
			path = icons;
			sourceTree = "<group>";
		};
		CED4D9F810BDC0AC00716F62 /* Video */ = {
			isa = PBXGroup;
			children = (
				CED4D9FB10BDC0FD00716F62 /* FileVideoView.h */,
				CED4D9FC10BDC0FD00716F62 /* FileVideoView.m */,
			);
			name = Video;
			sourceTree = "<group>";
		};
		CED6111A1081F5D7000C41CB /* Misc */ = {
			isa = PBXGroup;
			children = (
				CEAA886910680D1E009EF7B7 /* Reachability.h */,
				CEAA886A10680D1E009EF7B7 /* Reachability.m */,
				CED611251081F5F9000C41CB /* NSArray+CWSortedInsert.h */,
				CED611261081F5F9000C41CB /* NSArray+CWSortedInsert.m */,
			);
			name = Misc;
			sourceTree = "<group>";
		};
		CED77FBE110CB3AA0029273A /* TableViews */ = {
			isa = PBXGroup;
			children = (
				CE036B22110B7D740019230D /* ui_navigationBar.png */,
				CE036B9F110B82C10019230D /* ui_navigationBarButton.png */,
				CE74E9B2110BA94A00BE3AED /* ui_navigationBarButtonDone.png */,
				CE174DE51108D56C0049E556 /* ui_searchBar.png */,
				CEF212E2110B975800378C6C /* ui_tableViewBackground.png */,
				CE036B26110B7DA00019230D /* ui_tableViewCellNotSelectedBackground.png */,
				CED77EF6110CA5EC0029273A /* ui_tableViewCellNotSelected.png */,
				CED77EF7110CA5EC0029273A /* ui_tableViewCellSelected.png */,
				CED77FAB110CB0ED0029273A /* ui_tableViewCellSelectedBackground.png */,
				CEF212D3110B957B00378C6C /* ui_tableViewFooter.png */,
				CEF212E6110B97C700378C6C /* ui_tableViewHeader.png */,
			);
			name = TableViews;
			sourceTree = "<group>";
		};
		CED77FBF110CB3BF0029273A /* FileViews */ = {
			isa = PBXGroup;
			children = (
				CE38120D110CEC3800DF7200 /* ui_fileViewBackground.png */,
			);
			name = FileViews;
			sourceTree = "<group>";
		};
		CEE2A69D109B4BAC002D99A2 /* File View + Support */ = {
			isa = PBXGroup;
			children = (
				CE1F417A109A28AD0067DB73 /* FileViewControllerDelegate.h */,
				CEEFAC1910B49FDC00B8D906 /* FileViewController.h */,
				CEEFAC1810B49FDC00B8D906 /* FileViewController.m */,
				CEEFACB910B4A60800B8D906 /* FileView.h */,
				CEEFACBA10B4A60800B8D906 /* FileView.m */,
				CEE4A49810B83AFE00CEDC3C /* Audio */,
				CEE4A08C10B724B100CEDC3C /* Document */,
				CEE4A08B10B724A700CEDC3C /* Image */,
				CED4D9F810BDC0AC00716F62 /* Video */,
				CEE4A12F10B74EE200CEDC3C /* Unknown */,
			);
			name = "File View + Support";
			sourceTree = "<group>";
		};
		CEE4A08B10B724A700CEDC3C /* Image */ = {
			isa = PBXGroup;
			children = (
				CE8CB8CE109CD62A008B3FAE /* TapDetectingScrollView.h */,
				CE8CB8CF109CD62A008B3FAE /* TapDetectingScrollView.m */,
				CEEFAC2E10B4A15200B8D906 /* FileImageView.h */,
				CEEFAC2F10B4A15200B8D906 /* FileImageView.m */,
			);
			name = Image;
			sourceTree = "<group>";
		};
		CEE4A08C10B724B100CEDC3C /* Document */ = {
			isa = PBXGroup;
			children = (
				CE0F139D10A21080002569B6 /* TapDetectingWebView.h */,
				CE0F139E10A21080002569B6 /* TapDetectingWebView.m */,
				CEE4A07410B7219700CEDC3C /* FileDocumentView.h */,
				CEE4A07510B7219700CEDC3C /* FileDocumentView.m */,
			);
			name = Document;
			sourceTree = "<group>";
		};
		CEE4A12F10B74EE200CEDC3C /* Unknown */ = {
			isa = PBXGroup;
			children = (
				CEE4A13010B74EFB00CEDC3C /* FileUnknownView.h */,
				CEE4A13110B74EFB00CEDC3C /* FileUnknownView.m */,
			);
			name = Unknown;
			sourceTree = "<group>";
		};
		CEE4A49810B83AFE00CEDC3C /* Audio */ = {
			isa = PBXGroup;
			children = (
				CEE4A55810B8516A00CEDC3C /* FileAudioView.h */,
				CEE4A55910B8516A00CEDC3C /* FileAudioView.mm */,
				CEE4A69F10B88AB800CEDC3C /* CALevelMeter.h */,
				CEE4A6A010B88AB800CEDC3C /* CALevelMeter.mm */,
				CEE4A6A110B88AB800CEDC3C /* GLLevelMeter.h */,
				CEE4A6A210B88AB800CEDC3C /* GLLevelMeter.m */,
				CEE4A6A310B88AB800CEDC3C /* LevelMeter.h */,
				CEE4A6A410B88AB800CEDC3C /* LevelMeter.m */,
				CEE4A6DD10B88C2200CEDC3C /* MeterTable.h */,
				CEE4A6DC10B88C2200CEDC3C /* MeterTable.cpp */,
			);
			name = Audio;
			sourceTree = "<group>";
		};
		CEECF85B10302C8200469751 /* HTTP */ = {
			isa = PBXGroup;
			children = (
				CE2B3B0D0F3CD72B0039B355 /* StorageHTTPConnection.h */,
				CE2B3B0E0F3CD72B0039B355 /* StorageHTTPConnection.m */,
				CE70DA090FFABC0400D606B3 /* AFMultipartParser.h */,
				CEE04E9E0FD9E82E00C32900 /* AFMultipartParser.m */,
			);
			name = HTTP;
			sourceTree = "<group>";
		};
/* End PBXGroup section */

/* Begin PBXNativeTarget section */
		1D6058900D05DD3D006BFB54 /* Humboldt */ = {
			isa = PBXNativeTarget;
			buildConfigurationList = 1D6058960D05DD3E006BFB54 /* Build configuration list for PBXNativeTarget "Humboldt" */;
			buildPhases = (
				1D60588D0D05DD3D006BFB54 /* Resources */,
				1D60588E0D05DD3D006BFB54 /* Sources */,
				1D60588F0D05DD3D006BFB54 /* Frameworks */,
			);
			buildRules = (
			);
			dependencies = (
			);
			name = Humboldt;
			productName = Humboldt;
			productReference = 1D6058910D05DD3D006BFB54 /* airship.app */;
			productType = "com.apple.product-type.application";
		};
/* End PBXNativeTarget section */

/* Begin PBXProject section */
		29B97313FDCFA39411CA2CEA /* Project object */ = {
			isa = PBXProject;
			attributes = {
				ORGANIZATIONNAME = appfactory;
			};
			buildConfigurationList = C01FCF4E08A954540054247B /* Build configuration list for PBXProject "Humboldt" */;
			compatibilityVersion = "Xcode 3.1";
			hasScannedForEncodings = 1;
			mainGroup = 29B97314FDCFA39411CA2CEA /* CustomTemplate */;
			projectDirPath = "";
			projectRoot = "";
			targets = (
				1D6058900D05DD3D006BFB54 /* Humboldt */,
			);
		};
/* End PBXProject section */

/* Begin PBXResourcesBuildPhase section */
		1D60588D0D05DD3D006BFB54 /* Resources */ = {
			isa = PBXResourcesBuildPhase;
			buildActionMask = 2147483647;
			files = (
				28AD733F0D9D9553002E5188 /* MainWindow.xib in Resources */,
				CE8627E910013D400063F8F6 /* wwwroot in Resources */,
				CE3035D6109BAB1F00A31CCC /* dock_finder.png in Resources */,
				CE3035D7109BAB1F00A31CCC /* dock_spotlight.png in Resources */,
				CE530F5810AD8F8B00A16550 /* button_red.png in Resources */,
				CE530F5910AD8F8B00A16550 /* icon_trash.png in Resources */,
				CE4C686610C142B000D910E7 /* file_kind_0.png in Resources */,
				CE4C686710C142B000D910E7 /* file_kind_1.png in Resources */,
				CE4C686810C142B000D910E7 /* file_kind_2.png in Resources */,
				CE4C686910C142B000D910E7 /* file_kind_3.png in Resources */,
				CE4C686A10C142B000D910E7 /* file_kind_4.png in Resources */,
				CE4C686B10C142B000D910E7 /* file_kind_5.png in Resources */,
				CE174DE61108D56C0049E556 /* ui_searchBar.png in Resources */,
				CE036B23110B7D740019230D /* ui_navigationBar.png in Resources */,
				CE036B27110B7DA00019230D /* ui_tableViewCellNotSelectedBackground.png in Resources */,
				CE036BA0110B82C10019230D /* ui_navigationBarButton.png in Resources */,
				CEF212D4110B957B00378C6C /* ui_tableViewFooter.png in Resources */,
				CEF212E3110B975800378C6C /* ui_tableViewBackground.png in Resources */,
				CEF212E7110B97C700378C6C /* ui_tableViewHeader.png in Resources */,
				CE74E9B3110BA94A00BE3AED /* ui_navigationBarButtonDone.png in Resources */,
				CED77EF8110CA5EC0029273A /* ui_tableViewCellNotSelected.png in Resources */,
				CED77EF9110CA5EC0029273A /* ui_tableViewCellSelected.png in Resources */,
				CED77FAC110CB0ED0029273A /* ui_tableViewCellSelectedBackground.png in Resources */,
				CE38120E110CEC3800DF7200 /* ui_fileViewBackground.png in Resources */,
			);
			runOnlyForDeploymentPostprocessing = 0;
		};
/* End PBXResourcesBuildPhase section */

/* Begin PBXSourcesBuildPhase section */
		1D60588E0D05DD3D006BFB54 /* Sources */ = {
			isa = PBXSourcesBuildPhase;
			buildActionMask = 2147483647;
			files = (
				1D60589B0D05DD56006BFB54 /* main.m in Sources */,
				1D3623260D0F684500981E51 /* HumboldtAppDelegate.m in Sources */,
				CE2B3B0F0F3CD72B0039B355 /* StorageHTTPConnection.m in Sources */,
				CEE04E9F0FD9E82E00C32900 /* AFMultipartParser.m in Sources */,
				CE38A38D0FF6AD1200E93C29 /* AsyncSocket.m in Sources */,
				CE38A38E0FF6AD1200E93C29 /* DDData.m in Sources */,
				CE38A38F0FF6AD1200E93C29 /* DDNumber.m in Sources */,
				CE38A3900FF6AD1200E93C29 /* DDRange.m in Sources */,
				CE38A3910FF6AD1200E93C29 /* HTTPAsyncFileResponse.m in Sources */,
				CE38A3920FF6AD1200E93C29 /* HTTPAuthenticationRequest.m in Sources */,
				CE38A3930FF6AD1200E93C29 /* HTTPConnection.m in Sources */,
				CE38A3940FF6AD1200E93C29 /* HTTPResponse.m in Sources */,
				CE38A3950FF6AD1200E93C29 /* HTTPServer.m in Sources */,
				CE38A3A50FF6AE0100E93C29 /* CDataScanner.m in Sources */,
				CE38A3AD0FF6AE1100E93C29 /* CJSONDeserializer.m in Sources */,
				CE38A3AE0FF6AE1100E93C29 /* CJSONScanner.m in Sources */,
				CE38A3AF0FF6AE1100E93C29 /* CJSONSerializer.m in Sources */,
				CE38A3B90FF6AE3000E93C29 /* CDataScanner_Extensions.m in Sources */,
				CE38A3BA0FF6AE3000E93C29 /* NSCharacterSet_Extensions.m in Sources */,
				CE38A3BB0FF6AE3000E93C29 /* NSDictionary_JSONExtensions.m in Sources */,
				CE38A3BC0FF6AE3000E93C29 /* NSScanner_Extensions.m in Sources */,
				CEAA886B10680D1E009EF7B7 /* Reachability.m in Sources */,
				CE7A06C5107BC98700CFCCED /* File.m in Sources */,
				CED611271081F5F9000C41CB /* NSArray+CWSortedInsert.m in Sources */,
				CE8CB8D0109CD62A008B3FAE /* TapDetectingScrollView.m in Sources */,
				CE0F139F10A21080002569B6 /* TapDetectingWebView.m in Sources */,
				CEEFAC1A10B49FDC00B8D906 /* FileViewController.m in Sources */,
				CEEFAC3010B4A15200B8D906 /* FileImageView.m in Sources */,
				CEEFACBB10B4A60800B8D906 /* FileView.m in Sources */,
				CEE4A07610B7219700CEDC3C /* FileDocumentView.m in Sources */,
				CEE4A13210B74EFB00CEDC3C /* FileUnknownView.m in Sources */,
				CEE4A55A10B8516A00CEDC3C /* FileAudioView.mm in Sources */,
				CEE4A6A510B88AB800CEDC3C /* CALevelMeter.mm in Sources */,
				CEE4A6A610B88AB800CEDC3C /* GLLevelMeter.m in Sources */,
				CEE4A6A710B88AB800CEDC3C /* LevelMeter.m in Sources */,
				CEE4A6DE10B88C2200CEDC3C /* MeterTable.cpp in Sources */,
				CE48848210B9B72D003E8631 /* FinderViewController.m in Sources */,
				CE48848510B9B733003E8631 /* SpotlightViewController.m in Sources */,
				CE0056EC10BAF44300F4D6A0 /* SharingTableViewController.m in Sources */,
				CED4D9FD10BDC0FD00716F62 /* FileVideoView.m in Sources */,
			);
			runOnlyForDeploymentPostprocessing = 0;
		};
/* End PBXSourcesBuildPhase section */

/* Begin XCBuildConfiguration section */
		1D6058940D05DD3E006BFB54 /* Debug */ = {
			isa = XCBuildConfiguration;
			buildSettings = {
				ADDITIONAL_SDKS = "";
				ALWAYS_SEARCH_USER_PATHS = NO;
				"CODE_SIGN_IDENTITY[sdk=iphoneos*]" = "iPhone Developer: Peter Pistorius (C2PCA64J8V)";
				COPY_PHASE_STRIP = NO;
				FRAMEWORK_SEARCH_PATHS = (
					"$(inherited)",
					"\"$(SRCROOT)\"",
				);
				GCC_DYNAMIC_NO_PIC = NO;
				GCC_OPTIMIZATION_LEVEL = 0;
				GCC_PRECOMPILE_PREFIX_HEADER = YES;
				GCC_PREFIX_HEADER = Humboldt_Prefix.pch;
				INFOPLIST_FILE = Info.plist;
				IPHONEOS_DEPLOYMENT_TARGET = 3.0;
				OTHER_LDFLAGS = "";
				PRODUCT_NAME = airship;
				SDKROOT = iphoneos3.0;
				VALID_ARCHS = "armv7 armv6";
			};
			name = Debug;
		};
		1D6058950D05DD3E006BFB54 /* Release */ = {
			isa = XCBuildConfiguration;
			buildSettings = {
				ALWAYS_SEARCH_USER_PATHS = NO;
				"CODE_SIGN_IDENTITY[sdk=iphoneos*]" = "iPhone Developer: Peter Pistorius";
				COPY_PHASE_STRIP = YES;
				FRAMEWORK_SEARCH_PATHS = (
					"$(inherited)",
					"\"$(SRCROOT)\"",
					"\"$(DEVELOPER_DIR)/Platforms/iPhoneOS.platform/Developer/SDKs/iPhoneOS3.0.sdk/System/Library/Frameworks\"",
					"\"$(DEVELOPER_DIR)/Platforms/iPhoneSimulator.platform/Developer/SDKs/iPhoneSimulator3.0.sdk/System/Library/Frameworks\"",
					"\"$(DEVELOPER_DIR)/Platforms/iPhoneOS.platform/Developer/SDKs/iPhoneOS3.1.sdk/System/Library/Frameworks\"",
				);
				GCC_PRECOMPILE_PREFIX_HEADER = YES;
				GCC_PREFIX_HEADER = Humboldt_Prefix.pch;
				INFOPLIST_FILE = Info.plist;
				PRODUCT_NAME = airship;
				"PROVISIONING_PROFILE[sdk=iphoneos*]" = "D8BE66A0-F9E7-4AE9-86F1-04763611A0B9";
			};
			name = Release;
		};
		C01FCF4F08A954540054247B /* Debug */ = {
			isa = XCBuildConfiguration;
			buildSettings = {
				ARCHS = "$(ARCHS_STANDARD_32_BIT)";
				"CODE_SIGN_IDENTITY[sdk=iphoneos*]" = "iPhone Developer";
				COMPRESS_PNG_FILES = NO;
				GCC_C_LANGUAGE_STANDARD = c99;
				GCC_WARN_ABOUT_RETURN_TYPE = YES;
				GCC_WARN_UNUSED_VARIABLE = YES;
				IPHONEOS_DEPLOYMENT_TARGET = 3.0;
				ONLY_ACTIVE_ARCH = YES;
				PREBINDING = NO;
				SDKROOT = iphoneos3.0;
			};
			name = Debug;
		};
		C01FCF5008A954540054247B /* Release */ = {
			isa = XCBuildConfiguration;
			buildSettings = {
				ARCHS = "$(ARCHS_STANDARD_32_BIT)";
				"CODE_SIGN_IDENTITY[sdk=iphoneos*]" = "iPhone Developer";
				GCC_C_LANGUAGE_STANDARD = c99;
				GCC_WARN_ABOUT_RETURN_TYPE = YES;
				GCC_WARN_UNUSED_VARIABLE = YES;
				PREBINDING = NO;
				SDKROOT = iphoneos2.2.1;
			};
			name = Release;
		};
/* End XCBuildConfiguration section */

/* Begin XCConfigurationList section */
		1D6058960D05DD3E006BFB54 /* Build configuration list for PBXNativeTarget "Humboldt" */ = {
			isa = XCConfigurationList;
			buildConfigurations = (
				1D6058940D05DD3E006BFB54 /* Debug */,
				1D6058950D05DD3E006BFB54 /* Release */,
			);
			defaultConfigurationIsVisible = 0;
			defaultConfigurationName = Release;
		};
		C01FCF4E08A954540054247B /* Build configuration list for PBXProject "Humboldt" */ = {
			isa = XCConfigurationList;
			buildConfigurations = (
				C01FCF4F08A954540054247B /* Debug */,
				C01FCF5008A954540054247B /* Release */,
			);
			defaultConfigurationIsVisible = 0;
			defaultConfigurationName = Release;
		};
/* End XCConfigurationList section */
	};
	rootObject = 29B97313FDCFA39411CA2CEA /* Project object */;
}
